
Microsoft Visual Studio Solution File, Format Version 12.00
# Visual Studio Version 17
VisualStudioVersion = 17.0.31912.275
MinimumVisualStudioVersion = 15.0.26124.0
Project("{9A19103F-16F7-4668-BE54-9A1E7A4F7556}") = "ClientUI", "Client\ClientUI.csproj", "{CD1DD010-0C2F-4025-B598-2B48FD6B954F}"
EndProject
Project("{9A19103F-16F7-4668-BE54-9A1E7A4F7556}") = "Silo", "CommonsServer\Silo.csproj", "{5EE1266C-2C03-4C08-8E3D-61E3542FD743}"
EndProject
Project("{9A19103F-16F7-4668-BE54-9A1E7A4F7556}") = "Contracts", "Contracts\Contracts.csproj", "{3DD65BC9-BE7B-4718-BE73-FE260FBDF209}"
EndProject
Project("{2150E333-8FDC-42A3-9474-1A3956D46DE8}") = "Network", "Network", "{B7FA803E-5081-4411-B5D3-2A9FBC8F3F2A}"
EndProject
Project("{2150E333-8FDC-42A3-9474-1A3956D46DE8}") = "Client", "Client", "{7E7E8EC0-9FBA-41F3-9B39-A855DDBD6A0B}"
EndProject
Project("{9A19103F-16F7-4668-BE54-9A1E7A4F7556}") = "Orchestrator", "Node\Orchestrator.csproj", "{C5C22D30-CDEB-4A22-891E-841F99556535}"
EndProject
Project("{9A19103F-16F7-4668-BE54-9A1E7A4F7556}") = "Orchestrator.Contracts", "Node.Contracts\Orchestrator.Contracts.csproj", "{EDCA0F8A-7CBA-48A5-8638-22C808B98599}"
EndProject
Project("{9A19103F-16F7-4668-BE54-9A1E7A4F7556}") = "AccountGrain", "AccountGrain\AccountGrain.csproj", "{1D665A9F-FD7A-4CD1-B742-822D8F887CDC}"
EndProject
Project("{9A19103F-16F7-4668-BE54-9A1E7A4F7556}") = "ClusterCommon", "ClusterCommon\ClusterCommon.csproj", "{74112E1C-1067-415B-91BF-A436F0F17E46}"
EndProject
Project("{2150E333-8FDC-42A3-9474-1A3956D46DE8}") = "Grains", "Grains", "{3DD02847-72B1-4C8D-B625-CCB050883278}"
EndProject
Project("{9A19103F-16F7-4668-BE54-9A1E7A4F7556}") = "LiteDbStorageProvider", "LiteDbStorageProvider\LiteDbStorageProvider.csproj", "{C565769E-1170-4EED-A285-3DF870BFC674}"
EndProject
Project("{FAE04EC0-301F-11D3-BF4B-00C04F79EFBC}") = "PortfolioGrain", "PortfolioGrain\PortfolioGrain.csproj", "{03BD5EE9-A8EA-4DDB-8B32-EA4D0BCC5AE5}"
EndProject
Project("{FAE04EC0-301F-11D3-BF4B-00C04F79EFBC}") = "ReplicationGrain", "ReplicationGrain\ReplicationGrain.csproj", "{98B07CC0-2519-46E2-BBBF-5D0C517B3261}"
EndProject
Project("{FAE04EC0-301F-11D3-BF4B-00C04F79EFBC}") = "ProjectGrain", "ProjectGrain\ProjectGrain.csproj", "{3CBE611E-F67B-45DE-91B0-FA777F217583}"
EndProject
Project("{FAE04EC0-301F-11D3-BF4B-00C04F79EFBC}") = "DatasourceGrain", "DatasourceGrain\DatasourceGrain.csproj", "{94E7FED4-942C-40BA-BBFD-D54F46B4D9BD}"
EndProject
Project("{FAE04EC0-301F-11D3-BF4B-00C04F79EFBC}") = "IngestionGrain", "IngestionGrain\IngestionGrain.csproj", "{D9F8D0B3-FFDF-498B-8D31-CD514C36C7B7}"
EndProject
Project("{FAE04EC0-301F-11D3-BF4B-00C04F79EFBC}") = "DataTransferGrain", "DataTransferGrain\DataTransferGrain.csproj", "{B4E74E72-5F0F-49B3-B278-CE0C63D2414B}"
EndProject
Project("{9A19103F-16F7-4668-BE54-9A1E7A4F7556}") = "SerializationProvider", "StorageProvider\SerializationProvider.csproj", "{80CFB09D-D4AD-4436-BA62-9A9A755DBA92}"
EndProject
Project("{2150E333-8FDC-42A3-9474-1A3956D46DE8}") = "Storage", "Storage", "{34ECA2FF-4A79-4572-8D68-601F6CA5787E}"
EndProject
Project("{FAE04EC0-301F-11D3-BF4B-00C04F79EFBC}") = "MongodbStorageProvider", "MongodbStorageProvider\MongodbStorageProvider.csproj", "{6595B2FC-4A22-4893-BE56-0386C9CFCDCD}"
EndProject
Global
	GlobalSection(SolutionConfigurationPlatforms) = preSolution
		Debug|Any CPU = Debug|Any CPU
		Debug|x64 = Debug|x64
		Debug|x86 = Debug|x86
		Release|Any CPU = Release|Any CPU
		Release|x64 = Release|x64
		Release|x86 = Release|x86
	EndGlobalSection
	GlobalSection(ProjectConfigurationPlatforms) = postSolution
		{CD1DD010-0C2F-4025-B598-2B48FD6B954F}.Debug|Any CPU.ActiveCfg = Debug|Any CPU
		{CD1DD010-0C2F-4025-B598-2B48FD6B954F}.Debug|Any CPU.Build.0 = Debug|Any CPU
		{CD1DD010-0C2F-4025-B598-2B48FD6B954F}.Debug|x64.ActiveCfg = Debug|Any CPU
		{CD1DD010-0C2F-4025-B598-2B48FD6B954F}.Debug|x64.Build.0 = Debug|Any CPU
		{CD1DD010-0C2F-4025-B598-2B48FD6B954F}.Debug|x86.ActiveCfg = Debug|Any CPU
		{CD1DD010-0C2F-4025-B598-2B48FD6B954F}.Debug|x86.Build.0 = Debug|Any CPU
		{CD1DD010-0C2F-4025-B598-2B48FD6B954F}.Release|Any CPU.ActiveCfg = Release|Any CPU
		{CD1DD010-0C2F-4025-B598-2B48FD6B954F}.Release|Any CPU.Build.0 = Release|Any CPU
		{CD1DD010-0C2F-4025-B598-2B48FD6B954F}.Release|x64.ActiveCfg = Release|Any CPU
		{CD1DD010-0C2F-4025-B598-2B48FD6B954F}.Release|x64.Build.0 = Release|Any CPU
		{CD1DD010-0C2F-4025-B598-2B48FD6B954F}.Release|x86.ActiveCfg = Release|Any CPU
		{CD1DD010-0C2F-4025-B598-2B48FD6B954F}.Release|x86.Build.0 = Release|Any CPU
		{5EE1266C-2C03-4C08-8E3D-61E3542FD743}.Debug|Any CPU.ActiveCfg = Debug|Any CPU
		{5EE1266C-2C03-4C08-8E3D-61E3542FD743}.Debug|Any CPU.Build.0 = Debug|Any CPU
		{5EE1266C-2C03-4C08-8E3D-61E3542FD743}.Debug|x64.ActiveCfg = Debug|Any CPU
		{5EE1266C-2C03-4C08-8E3D-61E3542FD743}.Debug|x64.Build.0 = Debug|Any CPU
		{5EE1266C-2C03-4C08-8E3D-61E3542FD743}.Debug|x86.ActiveCfg = Debug|Any CPU
		{5EE1266C-2C03-4C08-8E3D-61E3542FD743}.Debug|x86.Build.0 = Debug|Any CPU
		{5EE1266C-2C03-4C08-8E3D-61E3542FD743}.Release|Any CPU.ActiveCfg = Release|Any CPU
		{5EE1266C-2C03-4C08-8E3D-61E3542FD743}.Release|Any CPU.Build.0 = Release|Any CPU
		{5EE1266C-2C03-4C08-8E3D-61E3542FD743}.Release|x64.ActiveCfg = Release|Any CPU
		{5EE1266C-2C03-4C08-8E3D-61E3542FD743}.Release|x64.Build.0 = Release|Any CPU
		{5EE1266C-2C03-4C08-8E3D-61E3542FD743}.Release|x86.ActiveCfg = Release|Any CPU
		{5EE1266C-2C03-4C08-8E3D-61E3542FD743}.Release|x86.Build.0 = Release|Any CPU
		{3DD65BC9-BE7B-4718-BE73-FE260FBDF209}.Debug|Any CPU.ActiveCfg = Debug|Any CPU
		{3DD65BC9-BE7B-4718-BE73-FE260FBDF209}.Debug|Any CPU.Build.0 = Debug|Any CPU
		{3DD65BC9-BE7B-4718-BE73-FE260FBDF209}.Debug|x64.ActiveCfg = Debug|Any CPU
		{3DD65BC9-BE7B-4718-BE73-FE260FBDF209}.Debug|x64.Build.0 = Debug|Any CPU
		{3DD65BC9-BE7B-4718-BE73-FE260FBDF209}.Debug|x86.ActiveCfg = Debug|Any CPU
		{3DD65BC9-BE7B-4718-BE73-FE260FBDF209}.Debug|x86.Build.0 = Debug|Any CPU
		{3DD65BC9-BE7B-4718-BE73-FE260FBDF209}.Release|Any CPU.ActiveCfg = Release|Any CPU
		{3DD65BC9-BE7B-4718-BE73-FE260FBDF209}.Release|Any CPU.Build.0 = Release|Any CPU
		{3DD65BC9-BE7B-4718-BE73-FE260FBDF209}.Release|x64.ActiveCfg = Release|Any CPU
		{3DD65BC9-BE7B-4718-BE73-FE260FBDF209}.Release|x64.Build.0 = Release|Any CPU
		{3DD65BC9-BE7B-4718-BE73-FE260FBDF209}.Release|x86.ActiveCfg = Release|Any CPU
		{3DD65BC9-BE7B-4718-BE73-FE260FBDF209}.Release|x86.Build.0 = Release|Any CPU
		{C5C22D30-CDEB-4A22-891E-841F99556535}.Debug|Any CPU.ActiveCfg = Debug|Any CPU
		{C5C22D30-CDEB-4A22-891E-841F99556535}.Debug|Any CPU.Build.0 = Debug|Any CPU
		{C5C22D30-CDEB-4A22-891E-841F99556535}.Debug|x64.ActiveCfg = Debug|Any CPU
		{C5C22D30-CDEB-4A22-891E-841F99556535}.Debug|x64.Build.0 = Debug|Any CPU
		{C5C22D30-CDEB-4A22-891E-841F99556535}.Debug|x86.ActiveCfg = Debug|Any CPU
		{C5C22D30-CDEB-4A22-891E-841F99556535}.Debug|x86.Build.0 = Debug|Any CPU
		{C5C22D30-CDEB-4A22-891E-841F99556535}.Release|Any CPU.ActiveCfg = Release|Any CPU
		{C5C22D30-CDEB-4A22-891E-841F99556535}.Release|Any CPU.Build.0 = Release|Any CPU
		{C5C22D30-CDEB-4A22-891E-841F99556535}.Release|x64.ActiveCfg = Release|Any CPU
		{C5C22D30-CDEB-4A22-891E-841F99556535}.Release|x64.Build.0 = Release|Any CPU
		{C5C22D30-CDEB-4A22-891E-841F99556535}.Release|x86.ActiveCfg = Release|Any CPU
		{C5C22D30-CDEB-4A22-891E-841F99556535}.Release|x86.Build.0 = Release|Any CPU
		{EDCA0F8A-7CBA-48A5-8638-22C808B98599}.Debug|Any CPU.ActiveCfg = Debug|Any CPU
		{EDCA0F8A-7CBA-48A5-8638-22C808B98599}.Debug|Any CPU.Build.0 = Debug|Any CPU
		{EDCA0F8A-7CBA-48A5-8638-22C808B98599}.Debug|x64.ActiveCfg = Debug|Any CPU
		{EDCA0F8A-7CBA-48A5-8638-22C808B98599}.Debug|x64.Build.0 = Debug|Any CPU
		{EDCA0F8A-7CBA-48A5-8638-22C808B98599}.Debug|x86.ActiveCfg = Debug|Any CPU
		{EDCA0F8A-7CBA-48A5-8638-22C808B98599}.Debug|x86.Build.0 = Debug|Any CPU
		{EDCA0F8A-7CBA-48A5-8638-22C808B98599}.Release|Any CPU.ActiveCfg = Release|Any CPU
		{EDCA0F8A-7CBA-48A5-8638-22C808B98599}.Release|Any CPU.Build.0 = Release|Any CPU
		{EDCA0F8A-7CBA-48A5-8638-22C808B98599}.Release|x64.ActiveCfg = Release|Any CPU
		{EDCA0F8A-7CBA-48A5-8638-22C808B98599}.Release|x64.Build.0 = Release|Any CPU
		{EDCA0F8A-7CBA-48A5-8638-22C808B98599}.Release|x86.ActiveCfg = Release|Any CPU
		{EDCA0F8A-7CBA-48A5-8638-22C808B98599}.Release|x86.Build.0 = Release|Any CPU
		{1D665A9F-FD7A-4CD1-B742-822D8F887CDC}.Debug|Any CPU.ActiveCfg = Debug|Any CPU
		{1D665A9F-FD7A-4CD1-B742-822D8F887CDC}.Debug|Any CPU.Build.0 = Debug|Any CPU
		{1D665A9F-FD7A-4CD1-B742-822D8F887CDC}.Debug|x64.ActiveCfg = Debug|Any CPU
		{1D665A9F-FD7A-4CD1-B742-822D8F887CDC}.Debug|x64.Build.0 = Debug|Any CPU
		{1D665A9F-FD7A-4CD1-B742-822D8F887CDC}.Debug|x86.ActiveCfg = Debug|Any CPU
		{1D665A9F-FD7A-4CD1-B742-822D8F887CDC}.Debug|x86.Build.0 = Debug|Any CPU
		{1D665A9F-FD7A-4CD1-B742-822D8F887CDC}.Release|Any CPU.ActiveCfg = Release|Any CPU
		{1D665A9F-FD7A-4CD1-B742-822D8F887CDC}.Release|Any CPU.Build.0 = Release|Any CPU
		{1D665A9F-FD7A-4CD1-B742-822D8F887CDC}.Release|x64.ActiveCfg = Release|Any CPU
		{1D665A9F-FD7A-4CD1-B742-822D8F887CDC}.Release|x64.Build.0 = Release|Any CPU
		{1D665A9F-FD7A-4CD1-B742-822D8F887CDC}.Release|x86.ActiveCfg = Release|Any CPU
		{1D665A9F-FD7A-4CD1-B742-822D8F887CDC}.Release|x86.Build.0 = Release|Any CPU
		{74112E1C-1067-415B-91BF-A436F0F17E46}.Debug|Any CPU.ActiveCfg = Debug|Any CPU
		{74112E1C-1067-415B-91BF-A436F0F17E46}.Debug|Any CPU.Build.0 = Debug|Any CPU
		{74112E1C-1067-415B-91BF-A436F0F17E46}.Debug|x64.ActiveCfg = Debug|Any CPU
		{74112E1C-1067-415B-91BF-A436F0F17E46}.Debug|x64.Build.0 = Debug|Any CPU
		{74112E1C-1067-415B-91BF-A436F0F17E46}.Debug|x86.ActiveCfg = Debug|Any CPU
		{74112E1C-1067-415B-91BF-A436F0F17E46}.Debug|x86.Build.0 = Debug|Any CPU
		{74112E1C-1067-415B-91BF-A436F0F17E46}.Release|Any CPU.ActiveCfg = Release|Any CPU
		{74112E1C-1067-415B-91BF-A436F0F17E46}.Release|Any CPU.Build.0 = Release|Any CPU
		{74112E1C-1067-415B-91BF-A436F0F17E46}.Release|x64.ActiveCfg = Release|Any CPU
		{74112E1C-1067-415B-91BF-A436F0F17E46}.Release|x64.Build.0 = Release|Any CPU
		{74112E1C-1067-415B-91BF-A436F0F17E46}.Release|x86.ActiveCfg = Release|Any CPU
		{74112E1C-1067-415B-91BF-A436F0F17E46}.Release|x86.Build.0 = Release|Any CPU
		{C565769E-1170-4EED-A285-3DF870BFC674}.Debug|Any CPU.ActiveCfg = Debug|Any CPU
		{C565769E-1170-4EED-A285-3DF870BFC674}.Debug|Any CPU.Build.0 = Debug|Any CPU
		{C565769E-1170-4EED-A285-3DF870BFC674}.Debug|x64.ActiveCfg = Debug|Any CPU
		{C565769E-1170-4EED-A285-3DF870BFC674}.Debug|x64.Build.0 = Debug|Any CPU
		{C565769E-1170-4EED-A285-3DF870BFC674}.Debug|x86.ActiveCfg = Debug|Any CPU
		{C565769E-1170-4EED-A285-3DF870BFC674}.Debug|x86.Build.0 = Debug|Any CPU
		{C565769E-1170-4EED-A285-3DF870BFC674}.Release|Any CPU.ActiveCfg = Release|Any CPU
		{C565769E-1170-4EED-A285-3DF870BFC674}.Release|Any CPU.Build.0 = Release|Any CPU
		{C565769E-1170-4EED-A285-3DF870BFC674}.Release|x64.ActiveCfg = Release|Any CPU
		{C565769E-1170-4EED-A285-3DF870BFC674}.Release|x64.Build.0 = Release|Any CPU
		{C565769E-1170-4EED-A285-3DF870BFC674}.Release|x86.ActiveCfg = Release|Any CPU
		{C565769E-1170-4EED-A285-3DF870BFC674}.Release|x86.Build.0 = Release|Any CPU
		{03BD5EE9-A8EA-4DDB-8B32-EA4D0BCC5AE5}.Debug|Any CPU.ActiveCfg = Debug|Any CPU
		{03BD5EE9-A8EA-4DDB-8B32-EA4D0BCC5AE5}.Debug|Any CPU.Build.0 = Debug|Any CPU
		{03BD5EE9-A8EA-4DDB-8B32-EA4D0BCC5AE5}.Debug|x64.ActiveCfg = Debug|Any CPU
		{03BD5EE9-A8EA-4DDB-8B32-EA4D0BCC5AE5}.Debug|x64.Build.0 = Debug|Any CPU
		{03BD5EE9-A8EA-4DDB-8B32-EA4D0BCC5AE5}.Debug|x86.ActiveCfg = Debug|Any CPU
		{03BD5EE9-A8EA-4DDB-8B32-EA4D0BCC5AE5}.Debug|x86.Build.0 = Debug|Any CPU
		{03BD5EE9-A8EA-4DDB-8B32-EA4D0BCC5AE5}.Release|Any CPU.ActiveCfg = Release|Any CPU
		{03BD5EE9-A8EA-4DDB-8B32-EA4D0BCC5AE5}.Release|Any CPU.Build.0 = Release|Any CPU
		{03BD5EE9-A8EA-4DDB-8B32-EA4D0BCC5AE5}.Release|x64.ActiveCfg = Release|Any CPU
		{03BD5EE9-A8EA-4DDB-8B32-EA4D0BCC5AE5}.Release|x64.Build.0 = Release|Any CPU
		{03BD5EE9-A8EA-4DDB-8B32-EA4D0BCC5AE5}.Release|x86.ActiveCfg = Release|Any CPU
		{03BD5EE9-A8EA-4DDB-8B32-EA4D0BCC5AE5}.Release|x86.Build.0 = Release|Any CPU
		{98B07CC0-2519-46E2-BBBF-5D0C517B3261}.Debug|Any CPU.ActiveCfg = Debug|Any CPU
		{98B07CC0-2519-46E2-BBBF-5D0C517B3261}.Debug|Any CPU.Build.0 = Debug|Any CPU
		{98B07CC0-2519-46E2-BBBF-5D0C517B3261}.Debug|x64.ActiveCfg = Debug|Any CPU
		{98B07CC0-2519-46E2-BBBF-5D0C517B3261}.Debug|x64.Build.0 = Debug|Any CPU
		{98B07CC0-2519-46E2-BBBF-5D0C517B3261}.Debug|x86.ActiveCfg = Debug|Any CPU
		{98B07CC0-2519-46E2-BBBF-5D0C517B3261}.Debug|x86.Build.0 = Debug|Any CPU
		{98B07CC0-2519-46E2-BBBF-5D0C517B3261}.Release|Any CPU.ActiveCfg = Release|Any CPU
		{98B07CC0-2519-46E2-BBBF-5D0C517B3261}.Release|Any CPU.Build.0 = Release|Any CPU
		{98B07CC0-2519-46E2-BBBF-5D0C517B3261}.Release|x64.ActiveCfg = Release|Any CPU
		{98B07CC0-2519-46E2-BBBF-5D0C517B3261}.Release|x64.Build.0 = Release|Any CPU
		{98B07CC0-2519-46E2-BBBF-5D0C517B3261}.Release|x86.ActiveCfg = Release|Any CPU
		{98B07CC0-2519-46E2-BBBF-5D0C517B3261}.Release|x86.Build.0 = Release|Any CPU
		{80CFB09D-D4AD-4436-BA62-9A9A755DBA92}.Debug|Any CPU.ActiveCfg = Debug|Any CPU
		{80CFB09D-D4AD-4436-BA62-9A9A755DBA92}.Debug|Any CPU.Build.0 = Debug|Any CPU
		{80CFB09D-D4AD-4436-BA62-9A9A755DBA92}.Debug|x64.ActiveCfg = Debug|Any CPU
		{80CFB09D-D4AD-4436-BA62-9A9A755DBA92}.Debug|x64.Build.0 = Debug|Any CPU
		{80CFB09D-D4AD-4436-BA62-9A9A755DBA92}.Debug|x86.ActiveCfg = Debug|Any CPU
		{80CFB09D-D4AD-4436-BA62-9A9A755DBA92}.Debug|x86.Build.0 = Debug|Any CPU
		{80CFB09D-D4AD-4436-BA62-9A9A755DBA92}.Release|Any CPU.ActiveCfg = Release|Any CPU
		{80CFB09D-D4AD-4436-BA62-9A9A755DBA92}.Release|Any CPU.Build.0 = Release|Any CPU
		{80CFB09D-D4AD-4436-BA62-9A9A755DBA92}.Release|x64.ActiveCfg = Release|Any CPU
		{80CFB09D-D4AD-4436-BA62-9A9A755DBA92}.Release|x64.Build.0 = Release|Any CPU
		{80CFB09D-D4AD-4436-BA62-9A9A755DBA92}.Release|x86.ActiveCfg = Release|Any CPU
		{80CFB09D-D4AD-4436-BA62-9A9A755DBA92}.Release|x86.Build.0 = Release|Any CPU
		{6595B2FC-4A22-4893-BE56-0386C9CFCDCD}.Debug|Any CPU.ActiveCfg = Debug|Any CPU
		{6595B2FC-4A22-4893-BE56-0386C9CFCDCD}.Debug|Any CPU.Build.0 = Debug|Any CPU
		{6595B2FC-4A22-4893-BE56-0386C9CFCDCD}.Debug|x64.ActiveCfg = Debug|Any CPU
		{6595B2FC-4A22-4893-BE56-0386C9CFCDCD}.Debug|x64.Build.0 = Debug|Any CPU
		{6595B2FC-4A22-4893-BE56-0386C9CFCDCD}.Debug|x86.ActiveCfg = Debug|Any CPU
		{6595B2FC-4A22-4893-BE56-0386C9CFCDCD}.Debug|x86.Build.0 = Debug|Any CPU
		{6595B2FC-4A22-4893-BE56-0386C9CFCDCD}.Release|Any CPU.ActiveCfg = Release|Any CPU
		{6595B2FC-4A22-4893-BE56-0386C9CFCDCD}.Release|Any CPU.Build.0 = Release|Any CPU
		{6595B2FC-4A22-4893-BE56-0386C9CFCDCD}.Release|x64.ActiveCfg = Release|Any CPU
		{6595B2FC-4A22-4893-BE56-0386C9CFCDCD}.Release|x64.Build.0 = Release|Any CPU
		{6595B2FC-4A22-4893-BE56-0386C9CFCDCD}.Release|x86.ActiveCfg = Release|Any CPU
		{6595B2FC-4A22-4893-BE56-0386C9CFCDCD}.Release|x86.Build.0 = Release|Any CPU
		{3CBE611E-F67B-45DE-91B0-FA777F217583}.Debug|Any CPU.ActiveCfg = Debug|Any CPU
		{3CBE611E-F67B-45DE-91B0-FA777F217583}.Debug|Any CPU.Build.0 = Debug|Any CPU
		{3CBE611E-F67B-45DE-91B0-FA777F217583}.Debug|x64.ActiveCfg = Debug|Any CPU
		{3CBE611E-F67B-45DE-91B0-FA777F217583}.Debug|x64.Build.0 = Debug|Any CPU
		{3CBE611E-F67B-45DE-91B0-FA777F217583}.Debug|x86.ActiveCfg = Debug|Any CPU
		{3CBE611E-F67B-45DE-91B0-FA777F217583}.Debug|x86.Build.0 = Debug|Any CPU
		{3CBE611E-F67B-45DE-91B0-FA777F217583}.Release|Any CPU.ActiveCfg = Release|Any CPU
		{3CBE611E-F67B-45DE-91B0-FA777F217583}.Release|Any CPU.Build.0 = Release|Any CPU
		{3CBE611E-F67B-45DE-91B0-FA777F217583}.Release|x64.ActiveCfg = Release|Any CPU
		{3CBE611E-F67B-45DE-91B0-FA777F217583}.Release|x64.Build.0 = Release|Any CPU
		{3CBE611E-F67B-45DE-91B0-FA777F217583}.Release|x86.ActiveCfg = Release|Any CPU
		{3CBE611E-F67B-45DE-91B0-FA777F217583}.Release|x86.Build.0 = Release|Any CPU
		{94E7FED4-942C-40BA-BBFD-D54F46B4D9BD}.Debug|Any CPU.ActiveCfg = Debug|Any CPU
		{94E7FED4-942C-40BA-BBFD-D54F46B4D9BD}.Debug|Any CPU.Build.0 = Debug|Any CPU
		{94E7FED4-942C-40BA-BBFD-D54F46B4D9BD}.Debug|x64.ActiveCfg = Debug|Any CPU
		{94E7FED4-942C-40BA-BBFD-D54F46B4D9BD}.Debug|x64.Build.0 = Debug|Any CPU
		{94E7FED4-942C-40BA-BBFD-D54F46B4D9BD}.Debug|x86.ActiveCfg = Debug|Any CPU
		{94E7FED4-942C-40BA-BBFD-D54F46B4D9BD}.Debug|x86.Build.0 = Debug|Any CPU
		{94E7FED4-942C-40BA-BBFD-D54F46B4D9BD}.Release|Any CPU.ActiveCfg = Release|Any CPU
		{94E7FED4-942C-40BA-BBFD-D54F46B4D9BD}.Release|Any CPU.Build.0 = Release|Any CPU
		{94E7FED4-942C-40BA-BBFD-D54F46B4D9BD}.Release|x64.ActiveCfg = Release|Any CPU
		{94E7FED4-942C-40BA-BBFD-D54F46B4D9BD}.Release|x64.Build.0 = Release|Any CPU
		{94E7FED4-942C-40BA-BBFD-D54F46B4D9BD}.Release|x86.ActiveCfg = Release|Any CPU
		{94E7FED4-942C-40BA-BBFD-D54F46B4D9BD}.Release|x86.Build.0 = Release|Any CPU
		{D9F8D0B3-FFDF-498B-8D31-CD514C36C7B7}.Debug|Any CPU.ActiveCfg = Debug|Any CPU
		{D9F8D0B3-FFDF-498B-8D31-CD514C36C7B7}.Debug|Any CPU.Build.0 = Debug|Any CPU
		{D9F8D0B3-FFDF-498B-8D31-CD514C36C7B7}.Debug|x64.ActiveCfg = Debug|Any CPU
		{D9F8D0B3-FFDF-498B-8D31-CD514C36C7B7}.Debug|x64.Build.0 = Debug|Any CPU
		{D9F8D0B3-FFDF-498B-8D31-CD514C36C7B7}.Debug|x86.ActiveCfg = Debug|Any CPU
		{D9F8D0B3-FFDF-498B-8D31-CD514C36C7B7}.Debug|x86.Build.0 = Debug|Any CPU
		{D9F8D0B3-FFDF-498B-8D31-CD514C36C7B7}.Release|Any CPU.ActiveCfg = Release|Any CPU
		{D9F8D0B3-FFDF-498B-8D31-CD514C36C7B7}.Release|Any CPU.Build.0 = Release|Any CPU
		{D9F8D0B3-FFDF-498B-8D31-CD514C36C7B7}.Release|x64.ActiveCfg = Release|Any CPU
		{D9F8D0B3-FFDF-498B-8D31-CD514C36C7B7}.Release|x64.Build.0 = Release|Any CPU
		{D9F8D0B3-FFDF-498B-8D31-CD514C36C7B7}.Release|x86.ActiveCfg = Release|Any CPU
		{D9F8D0B3-FFDF-498B-8D31-CD514C36C7B7}.Release|x86.Build.0 = Release|Any CPU
		{B4E74E72-5F0F-49B3-B278-CE0C63D2414B}.Debug|Any CPU.ActiveCfg = Debug|Any CPU
		{B4E74E72-5F0F-49B3-B278-CE0C63D2414B}.Debug|Any CPU.Build.0 = Debug|Any CPU
		{B4E74E72-5F0F-49B3-B278-CE0C63D2414B}.Debug|x64.ActiveCfg = Debug|Any CPU
		{B4E74E72-5F0F-49B3-B278-CE0C63D2414B}.Debug|x64.Build.0 = Debug|Any CPU
		{B4E74E72-5F0F-49B3-B278-CE0C63D2414B}.Debug|x86.ActiveCfg = Debug|Any CPU
		{B4E74E72-5F0F-49B3-B278-CE0C63D2414B}.Debug|x86.Build.0 = Debug|Any CPU
		{B4E74E72-5F0F-49B3-B278-CE0C63D2414B}.Release|Any CPU.ActiveCfg = Release|Any CPU
		{B4E74E72-5F0F-49B3-B278-CE0C63D2414B}.Release|Any CPU.Build.0 = Release|Any CPU
		{B4E74E72-5F0F-49B3-B278-CE0C63D2414B}.Release|x64.ActiveCfg = Release|Any CPU
		{B4E74E72-5F0F-49B3-B278-CE0C63D2414B}.Release|x64.Build.0 = Release|Any CPU
		{B4E74E72-5F0F-49B3-B278-CE0C63D2414B}.Release|x86.ActiveCfg = Release|Any CPU
		{B4E74E72-5F0F-49B3-B278-CE0C63D2414B}.Release|x86.Build.0 = Release|Any CPU
	EndGlobalSection
	GlobalSection(SolutionProperties) = preSolution
		HideSolutionNode = FALSE
	EndGlobalSection
	GlobalSection(NestedProjects) = preSolution
		{CD1DD010-0C2F-4025-B598-2B48FD6B954F} = {7E7E8EC0-9FBA-41F3-9B39-A855DDBD6A0B}
		{5EE1266C-2C03-4C08-8E3D-61E3542FD743} = {7E7E8EC0-9FBA-41F3-9B39-A855DDBD6A0B}
		{3DD65BC9-BE7B-4718-BE73-FE260FBDF209} = {7E7E8EC0-9FBA-41F3-9B39-A855DDBD6A0B}
		{C5C22D30-CDEB-4A22-891E-841F99556535} = {B7FA803E-5081-4411-B5D3-2A9FBC8F3F2A}
		{EDCA0F8A-7CBA-48A5-8638-22C808B98599} = {B7FA803E-5081-4411-B5D3-2A9FBC8F3F2A}
		{1D665A9F-FD7A-4CD1-B742-822D8F887CDC} = {3DD02847-72B1-4C8D-B625-CCB050883278}
		{74112E1C-1067-415B-91BF-A436F0F17E46} = {7E7E8EC0-9FBA-41F3-9B39-A855DDBD6A0B}
		{3DD02847-72B1-4C8D-B625-CCB050883278} = {7E7E8EC0-9FBA-41F3-9B39-A855DDBD6A0B}
		{C565769E-1170-4EED-A285-3DF870BFC674} = {34ECA2FF-4A79-4572-8D68-601F6CA5787E}
		{6595B2FC-4A22-4893-BE56-0386C9CFCDCD} = {34ECA2FF-4A79-4572-8D68-601F6CA5787E}
		{03BD5EE9-A8EA-4DDB-8B32-EA4D0BCC5AE5} = {3DD02847-72B1-4C8D-B625-CCB050883278}
		{98B07CC0-2519-46E2-BBBF-5D0C517B3261} = {3DD02847-72B1-4C8D-B625-CCB050883278}
		{3CBE611E-F67B-45DE-91B0-FA777F217583} = {3DD02847-72B1-4C8D-B625-CCB050883278}
		{94E7FED4-942C-40BA-BBFD-D54F46B4D9BD} = {3DD02847-72B1-4C8D-B625-CCB050883278}
		{D9F8D0B3-FFDF-498B-8D31-CD514C36C7B7} = {3DD02847-72B1-4C8D-B625-CCB050883278}
		{B4E74E72-5F0F-49B3-B278-CE0C63D2414B} = {3DD02847-72B1-4C8D-B625-CCB050883278}
	EndGlobalSection
	GlobalSection(ExtensibilityGlobals) = postSolution
		SolutionGuid = {DB42BB94-31D8-4A5B-8B27-43D0E871D612}
	EndGlobalSection
EndGlobal
