
Microsoft Visual Studio Solution File, Format Version 12.00
# Visual Studio Version 17
VisualStudioVersion = 17.0.31912.275
MinimumVisualStudioVersion = 15.0.26124.0
Project("{9A19103F-16F7-4668-BE54-9A1E7A4F7556}") = "ClientUI", "Client\ClientUI.csproj", "{CD1DD010-0C2F-4025-B598-2B48FD6B954F}"
EndProject
Project("{9A19103F-16F7-4668-BE54-9A1E7A4F7556}") = "Silo", "Silo\Silo.csproj", "{5EE1266C-2C03-4C08-8E3D-61E3542FD743}"
EndProject
Project("{2150E333-8FDC-42A3-9474-1A3956D46DE8}") = "Network", "Network", "{B7FA803E-5081-4411-B5D3-2A9FBC8F3F2A}"
EndProject
Project("{2150E333-8FDC-42A3-9474-1A3956D46DE8}") = "Client", "Client", "{7E7E8EC0-9FBA-41F3-9B39-A855DDBD6A0B}"
EndProject
Project("{9A19103F-16F7-4668-BE54-9A1E7A4F7556}") = "Orchestrator", "Node\Orchestrator.csproj", "{C5C22D30-CDEB-4A22-891E-841F99556535}"
EndProject
Project("{9A19103F-16F7-4668-BE54-9A1E7A4F7556}") = "Orchestrator.Contracts", "Node.Contracts\Orchestrator.Contracts.csproj", "{EDCA0F8A-7CBA-48A5-8638-22C808B98599}"
EndProject
Project("{9A19103F-16F7-4668-BE54-9A1E7A4F7556}") = "AccountGrain", "AccountGrain\AccountGrain.csproj", "{1D665A9F-FD7A-4CD1-B742-822D8F887CDC}"
EndProject
Project("{2150E333-8FDC-42A3-9474-1A3956D46DE8}") = "Grains", "Grains", "{3DD02847-72B1-4C8D-B625-CCB050883278}"
EndProject
Project("{9A19103F-16F7-4668-BE54-9A1E7A4F7556}") = "LiteDbStorageProvider", "LiteDbStorageProvider\LiteDbStorageProvider.csproj", "{C565769E-1170-4EED-A285-3DF870BFC674}"
EndProject
Project("{9A19103F-16F7-4668-BE54-9A1E7A4F7556}") = "PortfolioGrain", "PortfolioGrain\PortfolioGrain.csproj", "{03BD5EE9-A8EA-4DDB-8B32-EA4D0BCC5AE5}"
EndProject
Project("{9A19103F-16F7-4668-BE54-9A1E7A4F7556}") = "ReplicationGrain", "ReplicationGrain\ReplicationGrain.csproj", "{98B07CC0-2519-46E2-BBBF-5D0C517B3261}"
EndProject
Project("{9A19103F-16F7-4668-BE54-9A1E7A4F7556}") = "ProjectGrain", "ProjectGrain\ProjectGrain.csproj", "{3CBE611E-F67B-45DE-91B0-FA777F217583}"
EndProject
Project("{9A19103F-16F7-4668-BE54-9A1E7A4F7556}") = "DatasourceGrain", "DatasourceGrain\DatasourceGrain.csproj", "{94E7FED4-942C-40BA-BBFD-D54F46B4D9BD}"
EndProject
Project("{9A19103F-16F7-4668-BE54-9A1E7A4F7556}") = "IngestionGrain", "IngestionGrain\IngestionGrain.csproj", "{D9F8D0B3-FFDF-498B-8D31-CD514C36C7B7}"
EndProject
Project("{9A19103F-16F7-4668-BE54-9A1E7A4F7556}") = "DataTransferGrain", "DataTransferGrain\DataTransferGrain.csproj", "{B4E74E72-5F0F-49B3-B278-CE0C63D2414B}"
EndProject
Project("{9A19103F-16F7-4668-BE54-9A1E7A4F7556}") = "SerializationProvider", "StorageProvider\SerializationProvider.csproj", "{80CFB09D-D4AD-4436-BA62-9A9A755DBA92}"
EndProject
Project("{2150E333-8FDC-42A3-9474-1A3956D46DE8}") = "Storage", "Storage", "{34ECA2FF-4A79-4572-8D68-601F6CA5787E}"
EndProject
Project("{9A19103F-16F7-4668-BE54-9A1E7A4F7556}") = "MongodbStorageProvider", "MongodbStorageProvider\MongodbStorageProvider.csproj", "{6595B2FC-4A22-4893-BE56-0386C9CFCDCD}"
EndProject
Project("{9A19103F-16F7-4668-BE54-9A1E7A4F7556}") = "Contracts", "Contracts\Contracts.csproj", "{5A0E11BC-9C08-4E39-B988-32C2E0E4FBE8}"
EndProject
Project("{9A19103F-16F7-4668-BE54-9A1E7A4F7556}") = "DatasetGrain", "DatasetGrain\DatasetGrain.csproj", "{BCFE4C42-0D41-472A-9179-0D82B7E4AFC3}"
EndProject
Project("{2150E333-8FDC-42A3-9474-1A3956D46DE8}") = "Business", "Business", "{EF016501-21AA-4DD0-84DF-46E294FD7E4B}"
EndProject
Project("{2150E333-8FDC-42A3-9474-1A3956D46DE8}") = "Connectors", "Connectors", "{C30A4303-BA11-4060-AF26-51536B4B0AEA}"
EndProject
Project("{9A19103F-16F7-4668-BE54-9A1E7A4F7556}") = "CommunAxiom.Commons.Ingestion", "IO\CommunAxiom.Commons.Ingestion.csproj", "{B7DFBE99-F4AC-4400-AFFB-C8F7BB832694}"
EndProject
Project("{2150E333-8FDC-42A3-9474-1A3956D46DE8}") = "Tests", "Tests", "{B2579927-C4DF-4C61-9E58-E16E60C92977}"
EndProject
Project("{9A19103F-16F7-4668-BE54-9A1E7A4F7556}") = "CommunAxiom.Commons.Ingestion.Tests", "IOTests\CommunAxiom.Commons.Ingestion.Tests.csproj", "{DDF189DC-E4A3-4D2C-86D7-0FDB6E9B0CE4}"
EndProject
Project("{9A19103F-16F7-4668-BE54-9A1E7A4F7556}") = "ClusterClient", "ClusterClient\ClusterClient.csproj", "{9547FAC4-7D0E-4EFC-8607-F7F61178E519}"
EndProject
Project("{2150E333-8FDC-42A3-9474-1A3956D46DE8}") = "FrontEnd", "FrontEnd", "{478A970D-9242-4C73-9E78-3C05595048E7}"
EndProject
Project("{2150E333-8FDC-42A3-9474-1A3956D46DE8}") = "Cluster", "Cluster", "{0C3607BC-CF2A-45E9-8CE4-EC49BE7E256C}"
EndProject
Project("{9A19103F-16F7-4668-BE54-9A1E7A4F7556}") = "ClientUI.Shared", "ClientUI.Shared\ClientUI.Shared.csproj", "{E72686C0-12B8-407D-968D-A3B837FC3594}"
EndProject
Project("{9A19103F-16F7-4668-BE54-9A1E7A4F7556}") = "ClientUI.Components", "ClientUI.Components\ClientUI.Components.csproj", "{AFE7887C-0879-4BF7-9412-BC6A93619D99}"
EndProject
Project("{9A19103F-16F7-4668-BE54-9A1E7A4F7556}") = "DevSilo", "DevSilo\DevSilo.csproj", "{A37BC577-9974-4377-9832-438A593F2857}"
EndProject
Project("{9A19103F-16F7-4668-BE54-9A1E7A4F7556}") = "SiloShared", "SiloShared\SiloShared.csproj", "{69CE73F3-0A64-48FC-A8D5-0C66C8D71438}"
EndProject
Project("{9A19103F-16F7-4668-BE54-9A1E7A4F7556}") = "ClientUI.Client", "ClientUI.Client\ClientUI.Client.csproj", "{1CEEF1FE-6D2A-449F-9FD1-221770293084}"
EndProject
Project("{9A19103F-16F7-4668-BE54-9A1E7A4F7556}") = "AccountGrainTests", "AccountGrainTests\AccountGrainTests.csproj", "{CCDDAF76-0CC8-440D-85CC-D59107CBBC62}"
EndProject
Project("{9A19103F-16F7-4668-BE54-9A1E7A4F7556}") = "Orchestrator.Client", "Orchestrator.Client\Orchestrator.Client.csproj", "{F1224872-A875-4BFE-849C-A5BEBFF1C34B}"
EndProject
Project("{9A19103F-16F7-4668-BE54-9A1E7A4F7556}") = "LiteDbTests", "LiteDbTests\LiteDbTests.csproj", "{BEE8DFD1-3D04-4C1E-92D9-181A1FB91C41}"
EndProject
Project("{2150E333-8FDC-42A3-9474-1A3956D46DE8}") = "Grains", "Grains", "{F83AC815-891B-4DEC-9F99-99FD2831EAD6}"
EndProject
Project("{9A19103F-16F7-4668-BE54-9A1E7A4F7556}") = "Shared", "Shared\Shared.csproj", "{8AD04054-E719-4934-A972-3719521D4FD2}"
EndProject
Project("{9A19103F-16F7-4668-BE54-9A1E7A4F7556}") = "OrchestratorIntegration.Tests", "OrchestratorIntegration.Tests\OrchestratorIntegration.Tests.csproj", "{98D36C55-EA90-433A-B3ED-0697BC64EC22}"
EndProject
Project("{9A19103F-16F7-4668-BE54-9A1E7A4F7556}") = "Shared.Tests", "Shared.Tests\Shared.Tests.csproj", "{8137FAD7-6C81-43D8-ACCF-019D20ED0107}"
EndProject
Project("{9A19103F-16F7-4668-BE54-9A1E7A4F7556}") = "Ingestion.Grain.Tests", "Ingestion.Grain.Tests\Ingestion.Grain.Tests.csproj", "{C45FF7E1-DC74-4468-8861-319B52107DA9}"
EndProject
Project("{9A19103F-16F7-4668-BE54-9A1E7A4F7556}") = "StorageGrain", "StorageGrain\StorageGrain.csproj", "{18324A0D-874D-4AE3-92B4-18923BF688AC}"
EndProject
Project("{9A19103F-16F7-4668-BE54-9A1E7A4F7556}") = "TestSiloLib", "TestSiloLib\TestSiloLib.csproj", "{F629370F-F3DF-46F2-A2BE-396771935789}"
EndProject
Project("{9A19103F-16F7-4668-BE54-9A1E7A4F7556}") = "TestContracts", "TestContracts\TestContracts.csproj", "{A47E2D36-445D-4112-8872-5DF6766BD53B}"
EndProject
Project("{9A19103F-16F7-4668-BE54-9A1E7A4F7556}") = "Orleans", "Orleans\Orleans.csproj", "{2DA9BD71-262E-4A58-AA19-21595FE1D49E}"
EndProject
Project("{9A19103F-16F7-4668-BE54-9A1E7A4F7556}") = "Datasource.Grain.Tests", "DataSource.Grain.Tests\Datasource.Grain.Tests.csproj", "{BC1B6283-0701-40F6-B7F0-ED6A2896D989}"
EndProject
Project("{9A19103F-16F7-4668-BE54-9A1E7A4F7556}") = "GrainTests.Shared", "GrainTests.Shared\GrainTests.Shared.csproj", "{9127A5DF-4A12-4289-A0DD-AB7ABA1F375F}"
EndProject
Project("{9A19103F-16F7-4668-BE54-9A1E7A4F7556}") = "SchedulerGrain", "SchedulerGrain\SchedulerGrain.csproj", "{F9625E95-E370-4644-8BD7-B915E05C8515}"
EndProject
Project("{9A19103F-16F7-4668-BE54-9A1E7A4F7556}") = "BroadcastGrain", "BroadcastGrain\BroadcastGrain.csproj", "{CF7E364B-94F8-40E5-B79A-221929DE3111}"
EndProject
Project("{9A19103F-16F7-4668-BE54-9A1E7A4F7556}") = "ClusterEvent", "ClusterEventStream\ClusterEvent.csproj", "{C1F32B7A-033F-4EDC-8C26-4F35426D5347}"
EndProject
Project("{9A19103F-16F7-4668-BE54-9A1E7A4F7556}") = "Broadcast.Grain.Tests", "Broadcast.Grian.Tests\Broadcast.Grain.Tests.csproj", "{207623FF-DC79-4949-8259-1F5875CCC6EC}"
EndProject
Project("{9A19103F-16F7-4668-BE54-9A1E7A4F7556}") = "UriRegistryGrain", "UriRegistryGrain\UriRegistryGrain.csproj", "{18A8FCF2-62B8-41CA-BA27-0D3998761FC9}"
EndProject
Project("{9A19103F-16F7-4668-BE54-9A1E7A4F7556}") = "EventMailboxGrain", "IEventMailbox\EventMailboxGrain.csproj", "{57189CBF-4BC5-4A3D-80BE-75753FB7670A}"
EndProject
Project("{9A19103F-16F7-4668-BE54-9A1E7A4F7556}") = "MailGrain", "MailGrain\MailGrain.csproj", "{807FF9C9-A702-4057-A9F1-0EBFC67F7D17}"
EndProject
Project("{9A19103F-16F7-4668-BE54-9A1E7A4F7556}") = "CentralGrain", "CentralGrain\CentralGrain.csproj", "{3693A321-9DE4-448F-8EC6-98443A47A0F3}"
EndProject
Project("{9A19103F-16F7-4668-BE54-9A1E7A4F7556}") = "SOIGrain", "SOIGrain\SOIGrain.csproj", "{2D37399C-4F52-449A-B695-470AD8F3FDA9}"
EndProject
Project("{9A19103F-16F7-4668-BE54-9A1E7A4F7556}") = "MembershipProvider", "MembershipProvider\MembershipProvider.csproj", "{792C0EB8-D53D-4D76-B500-F431F6E0D761}"
EndProject
Project("{9A19103F-16F7-4668-BE54-9A1E7A4F7556}") = "Referee", "Referee\Referee.csproj", "{069A14AC-5994-4353-92A4-A3ACE4E2A645}"
EndProject
Project("{9A19103F-16F7-4668-BE54-9A1E7A4F7556}") = "DispatchGrain", "DispatchGrain\DispatchGrain.csproj", "{FAD1DB8B-A96F-4AAA-AD93-78314E7F2232}"
EndProject
Project("{9A19103F-16F7-4668-BE54-9A1E7A4F7556}") = "PublicBoardGrain", "PublicBoardGrain\PublicBoardGrain.csproj", "{BB3CA69E-3A7F-4A0C-AB84-CA5E6F663F43}"
EndProject
Project("{2150E333-8FDC-42A3-9474-1A3956D46DE8}") = "CommonsShared", "CommonsShared", "{D7ECF6BE-924C-421A-AB51-2512E77BE29A}"
EndProject
Project("{9A19103F-16F7-4668-BE54-9A1E7A4F7556}") = "CommonsSharedContracts", "CommonsSharedContracts\CommonsSharedContracts.csproj", "{D68E4350-80B2-4D48-A232-628F578C3C12}"
EndProject
Project("{9A19103F-16F7-4668-BE54-9A1E7A4F7556}") = "ApiMembershipProvider", "ApiMembershipProvider\ApiMembershipProvider.csproj", "{51378C6A-6178-4F6E-8D63-A209AFFEA8AA}"
EndProject
Project("{9A19103F-16F7-4668-BE54-9A1E7A4F7556}") = "AgentGrain", "AgentGrain\AgentGrain.csproj", "{5F4E25F5-2C4C-4160-83FE-1C8265B3FF63}"
EndProject
Project("{9A19103F-16F7-4668-BE54-9A1E7A4F7556}") = "AgentService", "AgentService\AgentService.csproj", "{204A0AD9-AA21-4E39-BD08-7E5A85D67F0A}"
EndProject
Project("{9A19103F-16F7-4668-BE54-9A1E7A4F7556}") = "DataSeedGrain", "DataSeed\DataSeedGrain.csproj", "{BCE35B64-9FEB-40F6-816D-DFD1C245EC84}"
EndProject
Project("{FAE04EC0-301F-11D3-BF4B-00C04F79EFBC}") = "DataChunkGrain", "DataChunkGrain\DataChunkGrain.csproj", "{8FD10A83-8FAF-4AB3-AC58-FBD79E468ED8}"
EndProject
Global
	GlobalSection(SolutionConfigurationPlatforms) = preSolution
		Debug|Any CPU = Debug|Any CPU
		Debug|x64 = Debug|x64
		Debug|x86 = Debug|x86
		Release|Any CPU = Release|Any CPU
		Release|x64 = Release|x64
		Release|x86 = Release|x86
	EndGlobalSection
	GlobalSection(ProjectConfigurationPlatforms) = postSolution
		{CD1DD010-0C2F-4025-B598-2B48FD6B954F}.Debug|Any CPU.ActiveCfg = Debug|Any CPU
		{CD1DD010-0C2F-4025-B598-2B48FD6B954F}.Debug|Any CPU.Build.0 = Debug|Any CPU
		{CD1DD010-0C2F-4025-B598-2B48FD6B954F}.Debug|x64.ActiveCfg = Debug|Any CPU
		{CD1DD010-0C2F-4025-B598-2B48FD6B954F}.Debug|x64.Build.0 = Debug|Any CPU
		{CD1DD010-0C2F-4025-B598-2B48FD6B954F}.Debug|x86.ActiveCfg = Debug|Any CPU
		{CD1DD010-0C2F-4025-B598-2B48FD6B954F}.Debug|x86.Build.0 = Debug|Any CPU
		{CD1DD010-0C2F-4025-B598-2B48FD6B954F}.Release|Any CPU.ActiveCfg = Release|Any CPU
		{CD1DD010-0C2F-4025-B598-2B48FD6B954F}.Release|Any CPU.Build.0 = Release|Any CPU
		{CD1DD010-0C2F-4025-B598-2B48FD6B954F}.Release|x64.ActiveCfg = Release|Any CPU
		{CD1DD010-0C2F-4025-B598-2B48FD6B954F}.Release|x64.Build.0 = Release|Any CPU
		{CD1DD010-0C2F-4025-B598-2B48FD6B954F}.Release|x86.ActiveCfg = Release|Any CPU
		{CD1DD010-0C2F-4025-B598-2B48FD6B954F}.Release|x86.Build.0 = Release|Any CPU
		{5EE1266C-2C03-4C08-8E3D-61E3542FD743}.Debug|Any CPU.ActiveCfg = Debug|Any CPU
		{5EE1266C-2C03-4C08-8E3D-61E3542FD743}.Debug|Any CPU.Build.0 = Debug|Any CPU
		{5EE1266C-2C03-4C08-8E3D-61E3542FD743}.Debug|x64.ActiveCfg = Debug|Any CPU
		{5EE1266C-2C03-4C08-8E3D-61E3542FD743}.Debug|x64.Build.0 = Debug|Any CPU
		{5EE1266C-2C03-4C08-8E3D-61E3542FD743}.Debug|x86.ActiveCfg = Debug|Any CPU
		{5EE1266C-2C03-4C08-8E3D-61E3542FD743}.Debug|x86.Build.0 = Debug|Any CPU
		{5EE1266C-2C03-4C08-8E3D-61E3542FD743}.Release|Any CPU.ActiveCfg = Release|Any CPU
		{5EE1266C-2C03-4C08-8E3D-61E3542FD743}.Release|Any CPU.Build.0 = Release|Any CPU
		{5EE1266C-2C03-4C08-8E3D-61E3542FD743}.Release|x64.ActiveCfg = Release|Any CPU
		{5EE1266C-2C03-4C08-8E3D-61E3542FD743}.Release|x64.Build.0 = Release|Any CPU
		{5EE1266C-2C03-4C08-8E3D-61E3542FD743}.Release|x86.ActiveCfg = Release|Any CPU
		{5EE1266C-2C03-4C08-8E3D-61E3542FD743}.Release|x86.Build.0 = Release|Any CPU
		{C5C22D30-CDEB-4A22-891E-841F99556535}.Debug|Any CPU.ActiveCfg = Debug|Any CPU
		{C5C22D30-CDEB-4A22-891E-841F99556535}.Debug|Any CPU.Build.0 = Debug|Any CPU
		{C5C22D30-CDEB-4A22-891E-841F99556535}.Debug|x64.ActiveCfg = Debug|Any CPU
		{C5C22D30-CDEB-4A22-891E-841F99556535}.Debug|x64.Build.0 = Debug|Any CPU
		{C5C22D30-CDEB-4A22-891E-841F99556535}.Debug|x86.ActiveCfg = Debug|Any CPU
		{C5C22D30-CDEB-4A22-891E-841F99556535}.Debug|x86.Build.0 = Debug|Any CPU
		{C5C22D30-CDEB-4A22-891E-841F99556535}.Release|Any CPU.ActiveCfg = Release|Any CPU
		{C5C22D30-CDEB-4A22-891E-841F99556535}.Release|Any CPU.Build.0 = Release|Any CPU
		{C5C22D30-CDEB-4A22-891E-841F99556535}.Release|x64.ActiveCfg = Release|Any CPU
		{C5C22D30-CDEB-4A22-891E-841F99556535}.Release|x64.Build.0 = Release|Any CPU
		{C5C22D30-CDEB-4A22-891E-841F99556535}.Release|x86.ActiveCfg = Release|Any CPU
		{C5C22D30-CDEB-4A22-891E-841F99556535}.Release|x86.Build.0 = Release|Any CPU
		{EDCA0F8A-7CBA-48A5-8638-22C808B98599}.Debug|Any CPU.ActiveCfg = Debug|Any CPU
		{EDCA0F8A-7CBA-48A5-8638-22C808B98599}.Debug|Any CPU.Build.0 = Debug|Any CPU
		{EDCA0F8A-7CBA-48A5-8638-22C808B98599}.Debug|x64.ActiveCfg = Debug|Any CPU
		{EDCA0F8A-7CBA-48A5-8638-22C808B98599}.Debug|x64.Build.0 = Debug|Any CPU
		{EDCA0F8A-7CBA-48A5-8638-22C808B98599}.Debug|x86.ActiveCfg = Debug|Any CPU
		{EDCA0F8A-7CBA-48A5-8638-22C808B98599}.Debug|x86.Build.0 = Debug|Any CPU
		{EDCA0F8A-7CBA-48A5-8638-22C808B98599}.Release|Any CPU.ActiveCfg = Release|Any CPU
		{EDCA0F8A-7CBA-48A5-8638-22C808B98599}.Release|Any CPU.Build.0 = Release|Any CPU
		{EDCA0F8A-7CBA-48A5-8638-22C808B98599}.Release|x64.ActiveCfg = Release|Any CPU
		{EDCA0F8A-7CBA-48A5-8638-22C808B98599}.Release|x64.Build.0 = Release|Any CPU
		{EDCA0F8A-7CBA-48A5-8638-22C808B98599}.Release|x86.ActiveCfg = Release|Any CPU
		{EDCA0F8A-7CBA-48A5-8638-22C808B98599}.Release|x86.Build.0 = Release|Any CPU
		{1D665A9F-FD7A-4CD1-B742-822D8F887CDC}.Debug|Any CPU.ActiveCfg = Debug|Any CPU
		{1D665A9F-FD7A-4CD1-B742-822D8F887CDC}.Debug|Any CPU.Build.0 = Debug|Any CPU
		{1D665A9F-FD7A-4CD1-B742-822D8F887CDC}.Debug|x64.ActiveCfg = Debug|Any CPU
		{1D665A9F-FD7A-4CD1-B742-822D8F887CDC}.Debug|x64.Build.0 = Debug|Any CPU
		{1D665A9F-FD7A-4CD1-B742-822D8F887CDC}.Debug|x86.ActiveCfg = Debug|Any CPU
		{1D665A9F-FD7A-4CD1-B742-822D8F887CDC}.Debug|x86.Build.0 = Debug|Any CPU
		{1D665A9F-FD7A-4CD1-B742-822D8F887CDC}.Release|Any CPU.ActiveCfg = Release|Any CPU
		{1D665A9F-FD7A-4CD1-B742-822D8F887CDC}.Release|Any CPU.Build.0 = Release|Any CPU
		{1D665A9F-FD7A-4CD1-B742-822D8F887CDC}.Release|x64.ActiveCfg = Release|Any CPU
		{1D665A9F-FD7A-4CD1-B742-822D8F887CDC}.Release|x64.Build.0 = Release|Any CPU
		{1D665A9F-FD7A-4CD1-B742-822D8F887CDC}.Release|x86.ActiveCfg = Release|Any CPU
		{1D665A9F-FD7A-4CD1-B742-822D8F887CDC}.Release|x86.Build.0 = Release|Any CPU
		{C565769E-1170-4EED-A285-3DF870BFC674}.Debug|Any CPU.ActiveCfg = Debug|Any CPU
		{C565769E-1170-4EED-A285-3DF870BFC674}.Debug|Any CPU.Build.0 = Debug|Any CPU
		{C565769E-1170-4EED-A285-3DF870BFC674}.Debug|x64.ActiveCfg = Debug|Any CPU
		{C565769E-1170-4EED-A285-3DF870BFC674}.Debug|x64.Build.0 = Debug|Any CPU
		{C565769E-1170-4EED-A285-3DF870BFC674}.Debug|x86.ActiveCfg = Debug|Any CPU
		{C565769E-1170-4EED-A285-3DF870BFC674}.Debug|x86.Build.0 = Debug|Any CPU
		{C565769E-1170-4EED-A285-3DF870BFC674}.Release|Any CPU.ActiveCfg = Release|Any CPU
		{C565769E-1170-4EED-A285-3DF870BFC674}.Release|Any CPU.Build.0 = Release|Any CPU
		{C565769E-1170-4EED-A285-3DF870BFC674}.Release|x64.ActiveCfg = Release|Any CPU
		{C565769E-1170-4EED-A285-3DF870BFC674}.Release|x64.Build.0 = Release|Any CPU
		{C565769E-1170-4EED-A285-3DF870BFC674}.Release|x86.ActiveCfg = Release|Any CPU
		{C565769E-1170-4EED-A285-3DF870BFC674}.Release|x86.Build.0 = Release|Any CPU
		{03BD5EE9-A8EA-4DDB-8B32-EA4D0BCC5AE5}.Debug|Any CPU.ActiveCfg = Debug|Any CPU
		{03BD5EE9-A8EA-4DDB-8B32-EA4D0BCC5AE5}.Debug|Any CPU.Build.0 = Debug|Any CPU
		{03BD5EE9-A8EA-4DDB-8B32-EA4D0BCC5AE5}.Debug|x64.ActiveCfg = Debug|Any CPU
		{03BD5EE9-A8EA-4DDB-8B32-EA4D0BCC5AE5}.Debug|x64.Build.0 = Debug|Any CPU
		{03BD5EE9-A8EA-4DDB-8B32-EA4D0BCC5AE5}.Debug|x86.ActiveCfg = Debug|Any CPU
		{03BD5EE9-A8EA-4DDB-8B32-EA4D0BCC5AE5}.Debug|x86.Build.0 = Debug|Any CPU
		{03BD5EE9-A8EA-4DDB-8B32-EA4D0BCC5AE5}.Release|Any CPU.ActiveCfg = Release|Any CPU
		{03BD5EE9-A8EA-4DDB-8B32-EA4D0BCC5AE5}.Release|Any CPU.Build.0 = Release|Any CPU
		{03BD5EE9-A8EA-4DDB-8B32-EA4D0BCC5AE5}.Release|x64.ActiveCfg = Release|Any CPU
		{03BD5EE9-A8EA-4DDB-8B32-EA4D0BCC5AE5}.Release|x64.Build.0 = Release|Any CPU
		{03BD5EE9-A8EA-4DDB-8B32-EA4D0BCC5AE5}.Release|x86.ActiveCfg = Release|Any CPU
		{03BD5EE9-A8EA-4DDB-8B32-EA4D0BCC5AE5}.Release|x86.Build.0 = Release|Any CPU
		{98B07CC0-2519-46E2-BBBF-5D0C517B3261}.Debug|Any CPU.ActiveCfg = Debug|Any CPU
		{98B07CC0-2519-46E2-BBBF-5D0C517B3261}.Debug|Any CPU.Build.0 = Debug|Any CPU
		{98B07CC0-2519-46E2-BBBF-5D0C517B3261}.Debug|x64.ActiveCfg = Debug|Any CPU
		{98B07CC0-2519-46E2-BBBF-5D0C517B3261}.Debug|x64.Build.0 = Debug|Any CPU
		{98B07CC0-2519-46E2-BBBF-5D0C517B3261}.Debug|x86.ActiveCfg = Debug|Any CPU
		{98B07CC0-2519-46E2-BBBF-5D0C517B3261}.Debug|x86.Build.0 = Debug|Any CPU
		{98B07CC0-2519-46E2-BBBF-5D0C517B3261}.Release|Any CPU.ActiveCfg = Release|Any CPU
		{98B07CC0-2519-46E2-BBBF-5D0C517B3261}.Release|Any CPU.Build.0 = Release|Any CPU
		{98B07CC0-2519-46E2-BBBF-5D0C517B3261}.Release|x64.ActiveCfg = Release|Any CPU
		{98B07CC0-2519-46E2-BBBF-5D0C517B3261}.Release|x64.Build.0 = Release|Any CPU
		{98B07CC0-2519-46E2-BBBF-5D0C517B3261}.Release|x86.ActiveCfg = Release|Any CPU
		{98B07CC0-2519-46E2-BBBF-5D0C517B3261}.Release|x86.Build.0 = Release|Any CPU
		{3CBE611E-F67B-45DE-91B0-FA777F217583}.Debug|Any CPU.ActiveCfg = Debug|Any CPU
		{3CBE611E-F67B-45DE-91B0-FA777F217583}.Debug|Any CPU.Build.0 = Debug|Any CPU
		{3CBE611E-F67B-45DE-91B0-FA777F217583}.Debug|x64.ActiveCfg = Debug|Any CPU
		{3CBE611E-F67B-45DE-91B0-FA777F217583}.Debug|x64.Build.0 = Debug|Any CPU
		{3CBE611E-F67B-45DE-91B0-FA777F217583}.Debug|x86.ActiveCfg = Debug|Any CPU
		{3CBE611E-F67B-45DE-91B0-FA777F217583}.Debug|x86.Build.0 = Debug|Any CPU
		{3CBE611E-F67B-45DE-91B0-FA777F217583}.Release|Any CPU.ActiveCfg = Release|Any CPU
		{3CBE611E-F67B-45DE-91B0-FA777F217583}.Release|Any CPU.Build.0 = Release|Any CPU
		{3CBE611E-F67B-45DE-91B0-FA777F217583}.Release|x64.ActiveCfg = Release|Any CPU
		{3CBE611E-F67B-45DE-91B0-FA777F217583}.Release|x64.Build.0 = Release|Any CPU
		{3CBE611E-F67B-45DE-91B0-FA777F217583}.Release|x86.ActiveCfg = Release|Any CPU
		{3CBE611E-F67B-45DE-91B0-FA777F217583}.Release|x86.Build.0 = Release|Any CPU
		{94E7FED4-942C-40BA-BBFD-D54F46B4D9BD}.Debug|Any CPU.ActiveCfg = Debug|Any CPU
		{94E7FED4-942C-40BA-BBFD-D54F46B4D9BD}.Debug|Any CPU.Build.0 = Debug|Any CPU
		{94E7FED4-942C-40BA-BBFD-D54F46B4D9BD}.Debug|x64.ActiveCfg = Debug|Any CPU
		{94E7FED4-942C-40BA-BBFD-D54F46B4D9BD}.Debug|x64.Build.0 = Debug|Any CPU
		{94E7FED4-942C-40BA-BBFD-D54F46B4D9BD}.Debug|x86.ActiveCfg = Debug|Any CPU
		{94E7FED4-942C-40BA-BBFD-D54F46B4D9BD}.Debug|x86.Build.0 = Debug|Any CPU
		{94E7FED4-942C-40BA-BBFD-D54F46B4D9BD}.Release|Any CPU.ActiveCfg = Release|Any CPU
		{94E7FED4-942C-40BA-BBFD-D54F46B4D9BD}.Release|Any CPU.Build.0 = Release|Any CPU
		{94E7FED4-942C-40BA-BBFD-D54F46B4D9BD}.Release|x64.ActiveCfg = Release|Any CPU
		{94E7FED4-942C-40BA-BBFD-D54F46B4D9BD}.Release|x64.Build.0 = Release|Any CPU
		{94E7FED4-942C-40BA-BBFD-D54F46B4D9BD}.Release|x86.ActiveCfg = Release|Any CPU
		{94E7FED4-942C-40BA-BBFD-D54F46B4D9BD}.Release|x86.Build.0 = Release|Any CPU
		{D9F8D0B3-FFDF-498B-8D31-CD514C36C7B7}.Debug|Any CPU.ActiveCfg = Debug|Any CPU
		{D9F8D0B3-FFDF-498B-8D31-CD514C36C7B7}.Debug|Any CPU.Build.0 = Debug|Any CPU
		{D9F8D0B3-FFDF-498B-8D31-CD514C36C7B7}.Debug|x64.ActiveCfg = Debug|Any CPU
		{D9F8D0B3-FFDF-498B-8D31-CD514C36C7B7}.Debug|x64.Build.0 = Debug|Any CPU
		{D9F8D0B3-FFDF-498B-8D31-CD514C36C7B7}.Debug|x86.ActiveCfg = Debug|Any CPU
		{D9F8D0B3-FFDF-498B-8D31-CD514C36C7B7}.Debug|x86.Build.0 = Debug|Any CPU
		{D9F8D0B3-FFDF-498B-8D31-CD514C36C7B7}.Release|Any CPU.ActiveCfg = Release|Any CPU
		{D9F8D0B3-FFDF-498B-8D31-CD514C36C7B7}.Release|Any CPU.Build.0 = Release|Any CPU
		{D9F8D0B3-FFDF-498B-8D31-CD514C36C7B7}.Release|x64.ActiveCfg = Release|Any CPU
		{D9F8D0B3-FFDF-498B-8D31-CD514C36C7B7}.Release|x64.Build.0 = Release|Any CPU
		{D9F8D0B3-FFDF-498B-8D31-CD514C36C7B7}.Release|x86.ActiveCfg = Release|Any CPU
		{D9F8D0B3-FFDF-498B-8D31-CD514C36C7B7}.Release|x86.Build.0 = Release|Any CPU
		{B4E74E72-5F0F-49B3-B278-CE0C63D2414B}.Debug|Any CPU.ActiveCfg = Debug|Any CPU
		{B4E74E72-5F0F-49B3-B278-CE0C63D2414B}.Debug|Any CPU.Build.0 = Debug|Any CPU
		{B4E74E72-5F0F-49B3-B278-CE0C63D2414B}.Debug|x64.ActiveCfg = Debug|Any CPU
		{B4E74E72-5F0F-49B3-B278-CE0C63D2414B}.Debug|x64.Build.0 = Debug|Any CPU
		{B4E74E72-5F0F-49B3-B278-CE0C63D2414B}.Debug|x86.ActiveCfg = Debug|Any CPU
		{B4E74E72-5F0F-49B3-B278-CE0C63D2414B}.Debug|x86.Build.0 = Debug|Any CPU
		{B4E74E72-5F0F-49B3-B278-CE0C63D2414B}.Release|Any CPU.ActiveCfg = Release|Any CPU
		{B4E74E72-5F0F-49B3-B278-CE0C63D2414B}.Release|Any CPU.Build.0 = Release|Any CPU
		{B4E74E72-5F0F-49B3-B278-CE0C63D2414B}.Release|x64.ActiveCfg = Release|Any CPU
		{B4E74E72-5F0F-49B3-B278-CE0C63D2414B}.Release|x64.Build.0 = Release|Any CPU
		{B4E74E72-5F0F-49B3-B278-CE0C63D2414B}.Release|x86.ActiveCfg = Release|Any CPU
		{B4E74E72-5F0F-49B3-B278-CE0C63D2414B}.Release|x86.Build.0 = Release|Any CPU
		{80CFB09D-D4AD-4436-BA62-9A9A755DBA92}.Debug|Any CPU.ActiveCfg = Debug|Any CPU
		{80CFB09D-D4AD-4436-BA62-9A9A755DBA92}.Debug|Any CPU.Build.0 = Debug|Any CPU
		{80CFB09D-D4AD-4436-BA62-9A9A755DBA92}.Debug|x64.ActiveCfg = Debug|Any CPU
		{80CFB09D-D4AD-4436-BA62-9A9A755DBA92}.Debug|x64.Build.0 = Debug|Any CPU
		{80CFB09D-D4AD-4436-BA62-9A9A755DBA92}.Debug|x86.ActiveCfg = Debug|Any CPU
		{80CFB09D-D4AD-4436-BA62-9A9A755DBA92}.Debug|x86.Build.0 = Debug|Any CPU
		{80CFB09D-D4AD-4436-BA62-9A9A755DBA92}.Release|Any CPU.ActiveCfg = Release|Any CPU
		{80CFB09D-D4AD-4436-BA62-9A9A755DBA92}.Release|Any CPU.Build.0 = Release|Any CPU
		{80CFB09D-D4AD-4436-BA62-9A9A755DBA92}.Release|x64.ActiveCfg = Release|Any CPU
		{80CFB09D-D4AD-4436-BA62-9A9A755DBA92}.Release|x64.Build.0 = Release|Any CPU
		{80CFB09D-D4AD-4436-BA62-9A9A755DBA92}.Release|x86.ActiveCfg = Release|Any CPU
		{80CFB09D-D4AD-4436-BA62-9A9A755DBA92}.Release|x86.Build.0 = Release|Any CPU
		{6595B2FC-4A22-4893-BE56-0386C9CFCDCD}.Debug|Any CPU.ActiveCfg = Debug|Any CPU
		{6595B2FC-4A22-4893-BE56-0386C9CFCDCD}.Debug|Any CPU.Build.0 = Debug|Any CPU
		{6595B2FC-4A22-4893-BE56-0386C9CFCDCD}.Debug|x64.ActiveCfg = Debug|Any CPU
		{6595B2FC-4A22-4893-BE56-0386C9CFCDCD}.Debug|x64.Build.0 = Debug|Any CPU
		{6595B2FC-4A22-4893-BE56-0386C9CFCDCD}.Debug|x86.ActiveCfg = Debug|Any CPU
		{6595B2FC-4A22-4893-BE56-0386C9CFCDCD}.Debug|x86.Build.0 = Debug|Any CPU
		{6595B2FC-4A22-4893-BE56-0386C9CFCDCD}.Release|Any CPU.ActiveCfg = Release|Any CPU
		{6595B2FC-4A22-4893-BE56-0386C9CFCDCD}.Release|Any CPU.Build.0 = Release|Any CPU
		{6595B2FC-4A22-4893-BE56-0386C9CFCDCD}.Release|x64.ActiveCfg = Release|Any CPU
		{6595B2FC-4A22-4893-BE56-0386C9CFCDCD}.Release|x64.Build.0 = Release|Any CPU
		{6595B2FC-4A22-4893-BE56-0386C9CFCDCD}.Release|x86.ActiveCfg = Release|Any CPU
		{6595B2FC-4A22-4893-BE56-0386C9CFCDCD}.Release|x86.Build.0 = Release|Any CPU
		{5A0E11BC-9C08-4E39-B988-32C2E0E4FBE8}.Debug|Any CPU.ActiveCfg = Debug|Any CPU
		{5A0E11BC-9C08-4E39-B988-32C2E0E4FBE8}.Debug|Any CPU.Build.0 = Debug|Any CPU
		{5A0E11BC-9C08-4E39-B988-32C2E0E4FBE8}.Debug|x64.ActiveCfg = Debug|Any CPU
		{5A0E11BC-9C08-4E39-B988-32C2E0E4FBE8}.Debug|x64.Build.0 = Debug|Any CPU
		{5A0E11BC-9C08-4E39-B988-32C2E0E4FBE8}.Debug|x86.ActiveCfg = Debug|Any CPU
		{5A0E11BC-9C08-4E39-B988-32C2E0E4FBE8}.Debug|x86.Build.0 = Debug|Any CPU
		{5A0E11BC-9C08-4E39-B988-32C2E0E4FBE8}.Release|Any CPU.ActiveCfg = Release|Any CPU
		{5A0E11BC-9C08-4E39-B988-32C2E0E4FBE8}.Release|Any CPU.Build.0 = Release|Any CPU
		{5A0E11BC-9C08-4E39-B988-32C2E0E4FBE8}.Release|x64.ActiveCfg = Release|Any CPU
		{5A0E11BC-9C08-4E39-B988-32C2E0E4FBE8}.Release|x64.Build.0 = Release|Any CPU
		{5A0E11BC-9C08-4E39-B988-32C2E0E4FBE8}.Release|x86.ActiveCfg = Release|Any CPU
		{5A0E11BC-9C08-4E39-B988-32C2E0E4FBE8}.Release|x86.Build.0 = Release|Any CPU
		{BCFE4C42-0D41-472A-9179-0D82B7E4AFC3}.Debug|Any CPU.ActiveCfg = Debug|Any CPU
		{BCFE4C42-0D41-472A-9179-0D82B7E4AFC3}.Debug|Any CPU.Build.0 = Debug|Any CPU
		{BCFE4C42-0D41-472A-9179-0D82B7E4AFC3}.Debug|x64.ActiveCfg = Debug|Any CPU
		{BCFE4C42-0D41-472A-9179-0D82B7E4AFC3}.Debug|x64.Build.0 = Debug|Any CPU
		{BCFE4C42-0D41-472A-9179-0D82B7E4AFC3}.Debug|x86.ActiveCfg = Debug|Any CPU
		{BCFE4C42-0D41-472A-9179-0D82B7E4AFC3}.Debug|x86.Build.0 = Debug|Any CPU
		{BCFE4C42-0D41-472A-9179-0D82B7E4AFC3}.Release|Any CPU.ActiveCfg = Release|Any CPU
		{BCFE4C42-0D41-472A-9179-0D82B7E4AFC3}.Release|Any CPU.Build.0 = Release|Any CPU
		{BCFE4C42-0D41-472A-9179-0D82B7E4AFC3}.Release|x64.ActiveCfg = Release|Any CPU
		{BCFE4C42-0D41-472A-9179-0D82B7E4AFC3}.Release|x64.Build.0 = Release|Any CPU
		{BCFE4C42-0D41-472A-9179-0D82B7E4AFC3}.Release|x86.ActiveCfg = Release|Any CPU
		{BCFE4C42-0D41-472A-9179-0D82B7E4AFC3}.Release|x86.Build.0 = Release|Any CPU
		{B7DFBE99-F4AC-4400-AFFB-C8F7BB832694}.Debug|Any CPU.ActiveCfg = Debug|Any CPU
		{B7DFBE99-F4AC-4400-AFFB-C8F7BB832694}.Debug|Any CPU.Build.0 = Debug|Any CPU
		{B7DFBE99-F4AC-4400-AFFB-C8F7BB832694}.Debug|x64.ActiveCfg = Debug|Any CPU
		{B7DFBE99-F4AC-4400-AFFB-C8F7BB832694}.Debug|x64.Build.0 = Debug|Any CPU
		{B7DFBE99-F4AC-4400-AFFB-C8F7BB832694}.Debug|x86.ActiveCfg = Debug|Any CPU
		{B7DFBE99-F4AC-4400-AFFB-C8F7BB832694}.Debug|x86.Build.0 = Debug|Any CPU
		{B7DFBE99-F4AC-4400-AFFB-C8F7BB832694}.Release|Any CPU.ActiveCfg = Release|Any CPU
		{B7DFBE99-F4AC-4400-AFFB-C8F7BB832694}.Release|Any CPU.Build.0 = Release|Any CPU
		{B7DFBE99-F4AC-4400-AFFB-C8F7BB832694}.Release|x64.ActiveCfg = Release|Any CPU
		{B7DFBE99-F4AC-4400-AFFB-C8F7BB832694}.Release|x64.Build.0 = Release|Any CPU
		{B7DFBE99-F4AC-4400-AFFB-C8F7BB832694}.Release|x86.ActiveCfg = Release|Any CPU
		{B7DFBE99-F4AC-4400-AFFB-C8F7BB832694}.Release|x86.Build.0 = Release|Any CPU
		{DDF189DC-E4A3-4D2C-86D7-0FDB6E9B0CE4}.Debug|Any CPU.ActiveCfg = Debug|Any CPU
		{DDF189DC-E4A3-4D2C-86D7-0FDB6E9B0CE4}.Debug|Any CPU.Build.0 = Debug|Any CPU
		{DDF189DC-E4A3-4D2C-86D7-0FDB6E9B0CE4}.Debug|x64.ActiveCfg = Debug|Any CPU
		{DDF189DC-E4A3-4D2C-86D7-0FDB6E9B0CE4}.Debug|x64.Build.0 = Debug|Any CPU
		{DDF189DC-E4A3-4D2C-86D7-0FDB6E9B0CE4}.Debug|x86.ActiveCfg = Debug|Any CPU
		{DDF189DC-E4A3-4D2C-86D7-0FDB6E9B0CE4}.Debug|x86.Build.0 = Debug|Any CPU
		{DDF189DC-E4A3-4D2C-86D7-0FDB6E9B0CE4}.Release|Any CPU.ActiveCfg = Release|Any CPU
		{DDF189DC-E4A3-4D2C-86D7-0FDB6E9B0CE4}.Release|Any CPU.Build.0 = Release|Any CPU
		{DDF189DC-E4A3-4D2C-86D7-0FDB6E9B0CE4}.Release|x64.ActiveCfg = Release|Any CPU
		{DDF189DC-E4A3-4D2C-86D7-0FDB6E9B0CE4}.Release|x64.Build.0 = Release|Any CPU
		{DDF189DC-E4A3-4D2C-86D7-0FDB6E9B0CE4}.Release|x86.ActiveCfg = Release|Any CPU
		{DDF189DC-E4A3-4D2C-86D7-0FDB6E9B0CE4}.Release|x86.Build.0 = Release|Any CPU
		{9547FAC4-7D0E-4EFC-8607-F7F61178E519}.Debug|Any CPU.ActiveCfg = Debug|Any CPU
		{9547FAC4-7D0E-4EFC-8607-F7F61178E519}.Debug|Any CPU.Build.0 = Debug|Any CPU
		{9547FAC4-7D0E-4EFC-8607-F7F61178E519}.Debug|x64.ActiveCfg = Debug|Any CPU
		{9547FAC4-7D0E-4EFC-8607-F7F61178E519}.Debug|x64.Build.0 = Debug|Any CPU
		{9547FAC4-7D0E-4EFC-8607-F7F61178E519}.Debug|x86.ActiveCfg = Debug|Any CPU
		{9547FAC4-7D0E-4EFC-8607-F7F61178E519}.Debug|x86.Build.0 = Debug|Any CPU
		{9547FAC4-7D0E-4EFC-8607-F7F61178E519}.Release|Any CPU.ActiveCfg = Release|Any CPU
		{9547FAC4-7D0E-4EFC-8607-F7F61178E519}.Release|Any CPU.Build.0 = Release|Any CPU
		{9547FAC4-7D0E-4EFC-8607-F7F61178E519}.Release|x64.ActiveCfg = Release|Any CPU
		{9547FAC4-7D0E-4EFC-8607-F7F61178E519}.Release|x64.Build.0 = Release|Any CPU
		{9547FAC4-7D0E-4EFC-8607-F7F61178E519}.Release|x86.ActiveCfg = Release|Any CPU
		{9547FAC4-7D0E-4EFC-8607-F7F61178E519}.Release|x86.Build.0 = Release|Any CPU
		{E72686C0-12B8-407D-968D-A3B837FC3594}.Debug|Any CPU.ActiveCfg = Debug|Any CPU
		{E72686C0-12B8-407D-968D-A3B837FC3594}.Debug|Any CPU.Build.0 = Debug|Any CPU
		{E72686C0-12B8-407D-968D-A3B837FC3594}.Debug|x64.ActiveCfg = Debug|Any CPU
		{E72686C0-12B8-407D-968D-A3B837FC3594}.Debug|x64.Build.0 = Debug|Any CPU
		{E72686C0-12B8-407D-968D-A3B837FC3594}.Debug|x86.ActiveCfg = Debug|Any CPU
		{E72686C0-12B8-407D-968D-A3B837FC3594}.Debug|x86.Build.0 = Debug|Any CPU
		{E72686C0-12B8-407D-968D-A3B837FC3594}.Release|Any CPU.ActiveCfg = Release|Any CPU
		{E72686C0-12B8-407D-968D-A3B837FC3594}.Release|Any CPU.Build.0 = Release|Any CPU
		{E72686C0-12B8-407D-968D-A3B837FC3594}.Release|x64.ActiveCfg = Release|Any CPU
		{E72686C0-12B8-407D-968D-A3B837FC3594}.Release|x64.Build.0 = Release|Any CPU
		{E72686C0-12B8-407D-968D-A3B837FC3594}.Release|x86.ActiveCfg = Release|Any CPU
		{E72686C0-12B8-407D-968D-A3B837FC3594}.Release|x86.Build.0 = Release|Any CPU
		{AFE7887C-0879-4BF7-9412-BC6A93619D99}.Debug|Any CPU.ActiveCfg = Debug|Any CPU
		{AFE7887C-0879-4BF7-9412-BC6A93619D99}.Debug|Any CPU.Build.0 = Debug|Any CPU
		{AFE7887C-0879-4BF7-9412-BC6A93619D99}.Debug|x64.ActiveCfg = Debug|Any CPU
		{AFE7887C-0879-4BF7-9412-BC6A93619D99}.Debug|x64.Build.0 = Debug|Any CPU
		{AFE7887C-0879-4BF7-9412-BC6A93619D99}.Debug|x86.ActiveCfg = Debug|Any CPU
		{AFE7887C-0879-4BF7-9412-BC6A93619D99}.Debug|x86.Build.0 = Debug|Any CPU
		{AFE7887C-0879-4BF7-9412-BC6A93619D99}.Release|Any CPU.ActiveCfg = Release|Any CPU
		{AFE7887C-0879-4BF7-9412-BC6A93619D99}.Release|Any CPU.Build.0 = Release|Any CPU
		{AFE7887C-0879-4BF7-9412-BC6A93619D99}.Release|x64.ActiveCfg = Release|Any CPU
		{AFE7887C-0879-4BF7-9412-BC6A93619D99}.Release|x64.Build.0 = Release|Any CPU
		{AFE7887C-0879-4BF7-9412-BC6A93619D99}.Release|x86.ActiveCfg = Release|Any CPU
		{AFE7887C-0879-4BF7-9412-BC6A93619D99}.Release|x86.Build.0 = Release|Any CPU
		{A37BC577-9974-4377-9832-438A593F2857}.Debug|Any CPU.ActiveCfg = Debug|Any CPU
		{A37BC577-9974-4377-9832-438A593F2857}.Debug|Any CPU.Build.0 = Debug|Any CPU
		{A37BC577-9974-4377-9832-438A593F2857}.Debug|x64.ActiveCfg = Debug|Any CPU
		{A37BC577-9974-4377-9832-438A593F2857}.Debug|x64.Build.0 = Debug|Any CPU
		{A37BC577-9974-4377-9832-438A593F2857}.Debug|x86.ActiveCfg = Debug|Any CPU
		{A37BC577-9974-4377-9832-438A593F2857}.Debug|x86.Build.0 = Debug|Any CPU
		{A37BC577-9974-4377-9832-438A593F2857}.Release|Any CPU.ActiveCfg = Release|Any CPU
		{A37BC577-9974-4377-9832-438A593F2857}.Release|Any CPU.Build.0 = Release|Any CPU
		{A37BC577-9974-4377-9832-438A593F2857}.Release|x64.ActiveCfg = Release|Any CPU
		{A37BC577-9974-4377-9832-438A593F2857}.Release|x64.Build.0 = Release|Any CPU
		{A37BC577-9974-4377-9832-438A593F2857}.Release|x86.ActiveCfg = Release|Any CPU
		{A37BC577-9974-4377-9832-438A593F2857}.Release|x86.Build.0 = Release|Any CPU
		{69CE73F3-0A64-48FC-A8D5-0C66C8D71438}.Debug|Any CPU.ActiveCfg = Debug|Any CPU
		{69CE73F3-0A64-48FC-A8D5-0C66C8D71438}.Debug|Any CPU.Build.0 = Debug|Any CPU
		{69CE73F3-0A64-48FC-A8D5-0C66C8D71438}.Debug|x64.ActiveCfg = Debug|Any CPU
		{69CE73F3-0A64-48FC-A8D5-0C66C8D71438}.Debug|x64.Build.0 = Debug|Any CPU
		{69CE73F3-0A64-48FC-A8D5-0C66C8D71438}.Debug|x86.ActiveCfg = Debug|Any CPU
		{69CE73F3-0A64-48FC-A8D5-0C66C8D71438}.Debug|x86.Build.0 = Debug|Any CPU
		{69CE73F3-0A64-48FC-A8D5-0C66C8D71438}.Release|Any CPU.ActiveCfg = Release|Any CPU
		{69CE73F3-0A64-48FC-A8D5-0C66C8D71438}.Release|Any CPU.Build.0 = Release|Any CPU
		{69CE73F3-0A64-48FC-A8D5-0C66C8D71438}.Release|x64.ActiveCfg = Release|Any CPU
		{69CE73F3-0A64-48FC-A8D5-0C66C8D71438}.Release|x64.Build.0 = Release|Any CPU
		{69CE73F3-0A64-48FC-A8D5-0C66C8D71438}.Release|x86.ActiveCfg = Release|Any CPU
		{69CE73F3-0A64-48FC-A8D5-0C66C8D71438}.Release|x86.Build.0 = Release|Any CPU
		{1CEEF1FE-6D2A-449F-9FD1-221770293084}.Debug|Any CPU.ActiveCfg = Debug|Any CPU
		{1CEEF1FE-6D2A-449F-9FD1-221770293084}.Debug|Any CPU.Build.0 = Debug|Any CPU
		{1CEEF1FE-6D2A-449F-9FD1-221770293084}.Debug|x64.ActiveCfg = Debug|Any CPU
		{1CEEF1FE-6D2A-449F-9FD1-221770293084}.Debug|x64.Build.0 = Debug|Any CPU
		{1CEEF1FE-6D2A-449F-9FD1-221770293084}.Debug|x86.ActiveCfg = Debug|Any CPU
		{1CEEF1FE-6D2A-449F-9FD1-221770293084}.Debug|x86.Build.0 = Debug|Any CPU
		{1CEEF1FE-6D2A-449F-9FD1-221770293084}.Release|Any CPU.ActiveCfg = Release|Any CPU
		{1CEEF1FE-6D2A-449F-9FD1-221770293084}.Release|Any CPU.Build.0 = Release|Any CPU
		{1CEEF1FE-6D2A-449F-9FD1-221770293084}.Release|x64.ActiveCfg = Release|Any CPU
		{1CEEF1FE-6D2A-449F-9FD1-221770293084}.Release|x64.Build.0 = Release|Any CPU
		{1CEEF1FE-6D2A-449F-9FD1-221770293084}.Release|x86.ActiveCfg = Release|Any CPU
		{1CEEF1FE-6D2A-449F-9FD1-221770293084}.Release|x86.Build.0 = Release|Any CPU
		{CCDDAF76-0CC8-440D-85CC-D59107CBBC62}.Debug|Any CPU.ActiveCfg = Debug|Any CPU
		{CCDDAF76-0CC8-440D-85CC-D59107CBBC62}.Debug|Any CPU.Build.0 = Debug|Any CPU
		{CCDDAF76-0CC8-440D-85CC-D59107CBBC62}.Debug|x64.ActiveCfg = Debug|Any CPU
		{CCDDAF76-0CC8-440D-85CC-D59107CBBC62}.Debug|x64.Build.0 = Debug|Any CPU
		{CCDDAF76-0CC8-440D-85CC-D59107CBBC62}.Debug|x86.ActiveCfg = Debug|Any CPU
		{CCDDAF76-0CC8-440D-85CC-D59107CBBC62}.Debug|x86.Build.0 = Debug|Any CPU
		{CCDDAF76-0CC8-440D-85CC-D59107CBBC62}.Release|Any CPU.ActiveCfg = Release|Any CPU
		{CCDDAF76-0CC8-440D-85CC-D59107CBBC62}.Release|Any CPU.Build.0 = Release|Any CPU
		{CCDDAF76-0CC8-440D-85CC-D59107CBBC62}.Release|x64.ActiveCfg = Release|Any CPU
		{CCDDAF76-0CC8-440D-85CC-D59107CBBC62}.Release|x64.Build.0 = Release|Any CPU
		{CCDDAF76-0CC8-440D-85CC-D59107CBBC62}.Release|x86.ActiveCfg = Release|Any CPU
		{CCDDAF76-0CC8-440D-85CC-D59107CBBC62}.Release|x86.Build.0 = Release|Any CPU
		{F1224872-A875-4BFE-849C-A5BEBFF1C34B}.Debug|Any CPU.ActiveCfg = Debug|Any CPU
		{F1224872-A875-4BFE-849C-A5BEBFF1C34B}.Debug|Any CPU.Build.0 = Debug|Any CPU
		{F1224872-A875-4BFE-849C-A5BEBFF1C34B}.Debug|x64.ActiveCfg = Debug|Any CPU
		{F1224872-A875-4BFE-849C-A5BEBFF1C34B}.Debug|x64.Build.0 = Debug|Any CPU
		{F1224872-A875-4BFE-849C-A5BEBFF1C34B}.Debug|x86.ActiveCfg = Debug|Any CPU
		{F1224872-A875-4BFE-849C-A5BEBFF1C34B}.Debug|x86.Build.0 = Debug|Any CPU
		{F1224872-A875-4BFE-849C-A5BEBFF1C34B}.Release|Any CPU.ActiveCfg = Release|Any CPU
		{F1224872-A875-4BFE-849C-A5BEBFF1C34B}.Release|Any CPU.Build.0 = Release|Any CPU
		{F1224872-A875-4BFE-849C-A5BEBFF1C34B}.Release|x64.ActiveCfg = Release|Any CPU
		{F1224872-A875-4BFE-849C-A5BEBFF1C34B}.Release|x64.Build.0 = Release|Any CPU
		{F1224872-A875-4BFE-849C-A5BEBFF1C34B}.Release|x86.ActiveCfg = Release|Any CPU
		{F1224872-A875-4BFE-849C-A5BEBFF1C34B}.Release|x86.Build.0 = Release|Any CPU
		{BEE8DFD1-3D04-4C1E-92D9-181A1FB91C41}.Debug|Any CPU.ActiveCfg = Debug|Any CPU
		{BEE8DFD1-3D04-4C1E-92D9-181A1FB91C41}.Debug|Any CPU.Build.0 = Debug|Any CPU
		{BEE8DFD1-3D04-4C1E-92D9-181A1FB91C41}.Debug|x64.ActiveCfg = Debug|Any CPU
		{BEE8DFD1-3D04-4C1E-92D9-181A1FB91C41}.Debug|x64.Build.0 = Debug|Any CPU
		{BEE8DFD1-3D04-4C1E-92D9-181A1FB91C41}.Debug|x86.ActiveCfg = Debug|Any CPU
		{BEE8DFD1-3D04-4C1E-92D9-181A1FB91C41}.Debug|x86.Build.0 = Debug|Any CPU
		{BEE8DFD1-3D04-4C1E-92D9-181A1FB91C41}.Release|Any CPU.ActiveCfg = Release|Any CPU
		{BEE8DFD1-3D04-4C1E-92D9-181A1FB91C41}.Release|Any CPU.Build.0 = Release|Any CPU
		{BEE8DFD1-3D04-4C1E-92D9-181A1FB91C41}.Release|x64.ActiveCfg = Release|Any CPU
		{BEE8DFD1-3D04-4C1E-92D9-181A1FB91C41}.Release|x64.Build.0 = Release|Any CPU
		{BEE8DFD1-3D04-4C1E-92D9-181A1FB91C41}.Release|x86.ActiveCfg = Release|Any CPU
		{BEE8DFD1-3D04-4C1E-92D9-181A1FB91C41}.Release|x86.Build.0 = Release|Any CPU
		{8AD04054-E719-4934-A972-3719521D4FD2}.Debug|Any CPU.ActiveCfg = Debug|Any CPU
		{8AD04054-E719-4934-A972-3719521D4FD2}.Debug|Any CPU.Build.0 = Debug|Any CPU
		{8AD04054-E719-4934-A972-3719521D4FD2}.Debug|x64.ActiveCfg = Debug|Any CPU
		{8AD04054-E719-4934-A972-3719521D4FD2}.Debug|x64.Build.0 = Debug|Any CPU
		{8AD04054-E719-4934-A972-3719521D4FD2}.Debug|x86.ActiveCfg = Debug|Any CPU
		{8AD04054-E719-4934-A972-3719521D4FD2}.Debug|x86.Build.0 = Debug|Any CPU
		{8AD04054-E719-4934-A972-3719521D4FD2}.Release|Any CPU.ActiveCfg = Release|Any CPU
		{8AD04054-E719-4934-A972-3719521D4FD2}.Release|Any CPU.Build.0 = Release|Any CPU
		{8AD04054-E719-4934-A972-3719521D4FD2}.Release|x64.ActiveCfg = Release|Any CPU
		{8AD04054-E719-4934-A972-3719521D4FD2}.Release|x64.Build.0 = Release|Any CPU
		{8AD04054-E719-4934-A972-3719521D4FD2}.Release|x86.ActiveCfg = Release|Any CPU
		{8AD04054-E719-4934-A972-3719521D4FD2}.Release|x86.Build.0 = Release|Any CPU
		{98D36C55-EA90-433A-B3ED-0697BC64EC22}.Debug|Any CPU.ActiveCfg = Debug|Any CPU
		{98D36C55-EA90-433A-B3ED-0697BC64EC22}.Debug|Any CPU.Build.0 = Debug|Any CPU
		{98D36C55-EA90-433A-B3ED-0697BC64EC22}.Debug|x64.ActiveCfg = Debug|Any CPU
		{98D36C55-EA90-433A-B3ED-0697BC64EC22}.Debug|x64.Build.0 = Debug|Any CPU
		{98D36C55-EA90-433A-B3ED-0697BC64EC22}.Debug|x86.ActiveCfg = Debug|Any CPU
		{98D36C55-EA90-433A-B3ED-0697BC64EC22}.Debug|x86.Build.0 = Debug|Any CPU
		{98D36C55-EA90-433A-B3ED-0697BC64EC22}.Release|Any CPU.ActiveCfg = Release|Any CPU
		{98D36C55-EA90-433A-B3ED-0697BC64EC22}.Release|Any CPU.Build.0 = Release|Any CPU
		{98D36C55-EA90-433A-B3ED-0697BC64EC22}.Release|x64.ActiveCfg = Release|Any CPU
		{98D36C55-EA90-433A-B3ED-0697BC64EC22}.Release|x64.Build.0 = Release|Any CPU
		{98D36C55-EA90-433A-B3ED-0697BC64EC22}.Release|x86.ActiveCfg = Release|Any CPU
		{98D36C55-EA90-433A-B3ED-0697BC64EC22}.Release|x86.Build.0 = Release|Any CPU
		{8137FAD7-6C81-43D8-ACCF-019D20ED0107}.Debug|Any CPU.ActiveCfg = Debug|Any CPU
		{8137FAD7-6C81-43D8-ACCF-019D20ED0107}.Debug|Any CPU.Build.0 = Debug|Any CPU
		{8137FAD7-6C81-43D8-ACCF-019D20ED0107}.Debug|x64.ActiveCfg = Debug|Any CPU
		{8137FAD7-6C81-43D8-ACCF-019D20ED0107}.Debug|x64.Build.0 = Debug|Any CPU
		{8137FAD7-6C81-43D8-ACCF-019D20ED0107}.Debug|x86.ActiveCfg = Debug|Any CPU
		{8137FAD7-6C81-43D8-ACCF-019D20ED0107}.Debug|x86.Build.0 = Debug|Any CPU
		{8137FAD7-6C81-43D8-ACCF-019D20ED0107}.Release|Any CPU.ActiveCfg = Release|Any CPU
		{8137FAD7-6C81-43D8-ACCF-019D20ED0107}.Release|Any CPU.Build.0 = Release|Any CPU
		{8137FAD7-6C81-43D8-ACCF-019D20ED0107}.Release|x64.ActiveCfg = Release|Any CPU
		{8137FAD7-6C81-43D8-ACCF-019D20ED0107}.Release|x64.Build.0 = Release|Any CPU
		{8137FAD7-6C81-43D8-ACCF-019D20ED0107}.Release|x86.ActiveCfg = Release|Any CPU
		{8137FAD7-6C81-43D8-ACCF-019D20ED0107}.Release|x86.Build.0 = Release|Any CPU
		{C45FF7E1-DC74-4468-8861-319B52107DA9}.Debug|Any CPU.ActiveCfg = Debug|Any CPU
		{C45FF7E1-DC74-4468-8861-319B52107DA9}.Debug|Any CPU.Build.0 = Debug|Any CPU
		{C45FF7E1-DC74-4468-8861-319B52107DA9}.Debug|x64.ActiveCfg = Debug|Any CPU
		{C45FF7E1-DC74-4468-8861-319B52107DA9}.Debug|x64.Build.0 = Debug|Any CPU
		{C45FF7E1-DC74-4468-8861-319B52107DA9}.Debug|x86.ActiveCfg = Debug|Any CPU
		{C45FF7E1-DC74-4468-8861-319B52107DA9}.Debug|x86.Build.0 = Debug|Any CPU
		{C45FF7E1-DC74-4468-8861-319B52107DA9}.Release|Any CPU.ActiveCfg = Release|Any CPU
		{C45FF7E1-DC74-4468-8861-319B52107DA9}.Release|Any CPU.Build.0 = Release|Any CPU
		{C45FF7E1-DC74-4468-8861-319B52107DA9}.Release|x64.ActiveCfg = Release|Any CPU
		{C45FF7E1-DC74-4468-8861-319B52107DA9}.Release|x64.Build.0 = Release|Any CPU
		{C45FF7E1-DC74-4468-8861-319B52107DA9}.Release|x86.ActiveCfg = Release|Any CPU
		{C45FF7E1-DC74-4468-8861-319B52107DA9}.Release|x86.Build.0 = Release|Any CPU
		{18324A0D-874D-4AE3-92B4-18923BF688AC}.Debug|Any CPU.ActiveCfg = Debug|Any CPU
		{18324A0D-874D-4AE3-92B4-18923BF688AC}.Debug|Any CPU.Build.0 = Debug|Any CPU
		{18324A0D-874D-4AE3-92B4-18923BF688AC}.Debug|x64.ActiveCfg = Debug|Any CPU
		{18324A0D-874D-4AE3-92B4-18923BF688AC}.Debug|x64.Build.0 = Debug|Any CPU
		{18324A0D-874D-4AE3-92B4-18923BF688AC}.Debug|x86.ActiveCfg = Debug|Any CPU
		{18324A0D-874D-4AE3-92B4-18923BF688AC}.Debug|x86.Build.0 = Debug|Any CPU
		{18324A0D-874D-4AE3-92B4-18923BF688AC}.Release|Any CPU.ActiveCfg = Release|Any CPU
		{18324A0D-874D-4AE3-92B4-18923BF688AC}.Release|Any CPU.Build.0 = Release|Any CPU
		{18324A0D-874D-4AE3-92B4-18923BF688AC}.Release|x64.ActiveCfg = Release|Any CPU
		{18324A0D-874D-4AE3-92B4-18923BF688AC}.Release|x64.Build.0 = Release|Any CPU
		{18324A0D-874D-4AE3-92B4-18923BF688AC}.Release|x86.ActiveCfg = Release|Any CPU
		{18324A0D-874D-4AE3-92B4-18923BF688AC}.Release|x86.Build.0 = Release|Any CPU
		{F629370F-F3DF-46F2-A2BE-396771935789}.Debug|Any CPU.ActiveCfg = Debug|Any CPU
		{F629370F-F3DF-46F2-A2BE-396771935789}.Debug|Any CPU.Build.0 = Debug|Any CPU
		{F629370F-F3DF-46F2-A2BE-396771935789}.Debug|x64.ActiveCfg = Debug|Any CPU
		{F629370F-F3DF-46F2-A2BE-396771935789}.Debug|x64.Build.0 = Debug|Any CPU
		{F629370F-F3DF-46F2-A2BE-396771935789}.Debug|x86.ActiveCfg = Debug|Any CPU
		{F629370F-F3DF-46F2-A2BE-396771935789}.Debug|x86.Build.0 = Debug|Any CPU
		{F629370F-F3DF-46F2-A2BE-396771935789}.Release|Any CPU.ActiveCfg = Release|Any CPU
		{F629370F-F3DF-46F2-A2BE-396771935789}.Release|Any CPU.Build.0 = Release|Any CPU
		{F629370F-F3DF-46F2-A2BE-396771935789}.Release|x64.ActiveCfg = Release|Any CPU
		{F629370F-F3DF-46F2-A2BE-396771935789}.Release|x64.Build.0 = Release|Any CPU
		{F629370F-F3DF-46F2-A2BE-396771935789}.Release|x86.ActiveCfg = Release|Any CPU
		{F629370F-F3DF-46F2-A2BE-396771935789}.Release|x86.Build.0 = Release|Any CPU
		{A47E2D36-445D-4112-8872-5DF6766BD53B}.Debug|Any CPU.ActiveCfg = Debug|Any CPU
		{A47E2D36-445D-4112-8872-5DF6766BD53B}.Debug|Any CPU.Build.0 = Debug|Any CPU
		{A47E2D36-445D-4112-8872-5DF6766BD53B}.Debug|x64.ActiveCfg = Debug|Any CPU
		{A47E2D36-445D-4112-8872-5DF6766BD53B}.Debug|x64.Build.0 = Debug|Any CPU
		{A47E2D36-445D-4112-8872-5DF6766BD53B}.Debug|x86.ActiveCfg = Debug|Any CPU
		{A47E2D36-445D-4112-8872-5DF6766BD53B}.Debug|x86.Build.0 = Debug|Any CPU
		{A47E2D36-445D-4112-8872-5DF6766BD53B}.Release|Any CPU.ActiveCfg = Release|Any CPU
		{A47E2D36-445D-4112-8872-5DF6766BD53B}.Release|Any CPU.Build.0 = Release|Any CPU
		{A47E2D36-445D-4112-8872-5DF6766BD53B}.Release|x64.ActiveCfg = Release|Any CPU
		{A47E2D36-445D-4112-8872-5DF6766BD53B}.Release|x64.Build.0 = Release|Any CPU
		{A47E2D36-445D-4112-8872-5DF6766BD53B}.Release|x86.ActiveCfg = Release|Any CPU
		{A47E2D36-445D-4112-8872-5DF6766BD53B}.Release|x86.Build.0 = Release|Any CPU
		{2DA9BD71-262E-4A58-AA19-21595FE1D49E}.Debug|Any CPU.ActiveCfg = Debug|Any CPU
		{2DA9BD71-262E-4A58-AA19-21595FE1D49E}.Debug|Any CPU.Build.0 = Debug|Any CPU
		{2DA9BD71-262E-4A58-AA19-21595FE1D49E}.Debug|x64.ActiveCfg = Debug|Any CPU
		{2DA9BD71-262E-4A58-AA19-21595FE1D49E}.Debug|x64.Build.0 = Debug|Any CPU
		{2DA9BD71-262E-4A58-AA19-21595FE1D49E}.Debug|x86.ActiveCfg = Debug|Any CPU
		{2DA9BD71-262E-4A58-AA19-21595FE1D49E}.Debug|x86.Build.0 = Debug|Any CPU
		{2DA9BD71-262E-4A58-AA19-21595FE1D49E}.Release|Any CPU.ActiveCfg = Release|Any CPU
		{2DA9BD71-262E-4A58-AA19-21595FE1D49E}.Release|Any CPU.Build.0 = Release|Any CPU
		{2DA9BD71-262E-4A58-AA19-21595FE1D49E}.Release|x64.ActiveCfg = Release|Any CPU
		{2DA9BD71-262E-4A58-AA19-21595FE1D49E}.Release|x64.Build.0 = Release|Any CPU
		{2DA9BD71-262E-4A58-AA19-21595FE1D49E}.Release|x86.ActiveCfg = Release|Any CPU
		{2DA9BD71-262E-4A58-AA19-21595FE1D49E}.Release|x86.Build.0 = Release|Any CPU
		{BC1B6283-0701-40F6-B7F0-ED6A2896D989}.Debug|Any CPU.ActiveCfg = Debug|Any CPU
		{BC1B6283-0701-40F6-B7F0-ED6A2896D989}.Debug|Any CPU.Build.0 = Debug|Any CPU
		{BC1B6283-0701-40F6-B7F0-ED6A2896D989}.Debug|x64.ActiveCfg = Debug|Any CPU
		{BC1B6283-0701-40F6-B7F0-ED6A2896D989}.Debug|x64.Build.0 = Debug|Any CPU
		{BC1B6283-0701-40F6-B7F0-ED6A2896D989}.Debug|x86.ActiveCfg = Debug|Any CPU
		{BC1B6283-0701-40F6-B7F0-ED6A2896D989}.Debug|x86.Build.0 = Debug|Any CPU
		{BC1B6283-0701-40F6-B7F0-ED6A2896D989}.Release|Any CPU.ActiveCfg = Release|Any CPU
		{BC1B6283-0701-40F6-B7F0-ED6A2896D989}.Release|Any CPU.Build.0 = Release|Any CPU
		{BC1B6283-0701-40F6-B7F0-ED6A2896D989}.Release|x64.ActiveCfg = Release|Any CPU
		{BC1B6283-0701-40F6-B7F0-ED6A2896D989}.Release|x64.Build.0 = Release|Any CPU
		{BC1B6283-0701-40F6-B7F0-ED6A2896D989}.Release|x86.ActiveCfg = Release|Any CPU
		{BC1B6283-0701-40F6-B7F0-ED6A2896D989}.Release|x86.Build.0 = Release|Any CPU
		{9127A5DF-4A12-4289-A0DD-AB7ABA1F375F}.Debug|Any CPU.ActiveCfg = Debug|Any CPU
		{9127A5DF-4A12-4289-A0DD-AB7ABA1F375F}.Debug|Any CPU.Build.0 = Debug|Any CPU
		{9127A5DF-4A12-4289-A0DD-AB7ABA1F375F}.Debug|x64.ActiveCfg = Debug|Any CPU
		{9127A5DF-4A12-4289-A0DD-AB7ABA1F375F}.Debug|x64.Build.0 = Debug|Any CPU
		{9127A5DF-4A12-4289-A0DD-AB7ABA1F375F}.Debug|x86.ActiveCfg = Debug|Any CPU
		{9127A5DF-4A12-4289-A0DD-AB7ABA1F375F}.Debug|x86.Build.0 = Debug|Any CPU
		{9127A5DF-4A12-4289-A0DD-AB7ABA1F375F}.Release|Any CPU.ActiveCfg = Release|Any CPU
		{9127A5DF-4A12-4289-A0DD-AB7ABA1F375F}.Release|Any CPU.Build.0 = Release|Any CPU
		{9127A5DF-4A12-4289-A0DD-AB7ABA1F375F}.Release|x64.ActiveCfg = Release|Any CPU
		{9127A5DF-4A12-4289-A0DD-AB7ABA1F375F}.Release|x64.Build.0 = Release|Any CPU
		{9127A5DF-4A12-4289-A0DD-AB7ABA1F375F}.Release|x86.ActiveCfg = Release|Any CPU
		{9127A5DF-4A12-4289-A0DD-AB7ABA1F375F}.Release|x86.Build.0 = Release|Any CPU
		{F9625E95-E370-4644-8BD7-B915E05C8515}.Debug|Any CPU.ActiveCfg = Debug|Any CPU
		{F9625E95-E370-4644-8BD7-B915E05C8515}.Debug|Any CPU.Build.0 = Debug|Any CPU
		{F9625E95-E370-4644-8BD7-B915E05C8515}.Debug|x64.ActiveCfg = Debug|Any CPU
		{F9625E95-E370-4644-8BD7-B915E05C8515}.Debug|x64.Build.0 = Debug|Any CPU
		{F9625E95-E370-4644-8BD7-B915E05C8515}.Debug|x86.ActiveCfg = Debug|Any CPU
		{F9625E95-E370-4644-8BD7-B915E05C8515}.Debug|x86.Build.0 = Debug|Any CPU
		{F9625E95-E370-4644-8BD7-B915E05C8515}.Release|Any CPU.ActiveCfg = Release|Any CPU
		{F9625E95-E370-4644-8BD7-B915E05C8515}.Release|Any CPU.Build.0 = Release|Any CPU
		{F9625E95-E370-4644-8BD7-B915E05C8515}.Release|x64.ActiveCfg = Release|Any CPU
		{F9625E95-E370-4644-8BD7-B915E05C8515}.Release|x64.Build.0 = Release|Any CPU
		{F9625E95-E370-4644-8BD7-B915E05C8515}.Release|x86.ActiveCfg = Release|Any CPU
		{F9625E95-E370-4644-8BD7-B915E05C8515}.Release|x86.Build.0 = Release|Any CPU
		{CF7E364B-94F8-40E5-B79A-221929DE3111}.Debug|Any CPU.ActiveCfg = Debug|Any CPU
		{CF7E364B-94F8-40E5-B79A-221929DE3111}.Debug|Any CPU.Build.0 = Debug|Any CPU
		{CF7E364B-94F8-40E5-B79A-221929DE3111}.Debug|x64.ActiveCfg = Debug|Any CPU
		{CF7E364B-94F8-40E5-B79A-221929DE3111}.Debug|x64.Build.0 = Debug|Any CPU
		{CF7E364B-94F8-40E5-B79A-221929DE3111}.Debug|x86.ActiveCfg = Debug|Any CPU
		{CF7E364B-94F8-40E5-B79A-221929DE3111}.Debug|x86.Build.0 = Debug|Any CPU
		{CF7E364B-94F8-40E5-B79A-221929DE3111}.Release|Any CPU.ActiveCfg = Release|Any CPU
		{CF7E364B-94F8-40E5-B79A-221929DE3111}.Release|Any CPU.Build.0 = Release|Any CPU
		{CF7E364B-94F8-40E5-B79A-221929DE3111}.Release|x64.ActiveCfg = Release|Any CPU
		{CF7E364B-94F8-40E5-B79A-221929DE3111}.Release|x64.Build.0 = Release|Any CPU
		{CF7E364B-94F8-40E5-B79A-221929DE3111}.Release|x86.ActiveCfg = Release|Any CPU
		{CF7E364B-94F8-40E5-B79A-221929DE3111}.Release|x86.Build.0 = Release|Any CPU
		{C1F32B7A-033F-4EDC-8C26-4F35426D5347}.Debug|Any CPU.ActiveCfg = Debug|Any CPU
		{C1F32B7A-033F-4EDC-8C26-4F35426D5347}.Debug|Any CPU.Build.0 = Debug|Any CPU
		{C1F32B7A-033F-4EDC-8C26-4F35426D5347}.Debug|x64.ActiveCfg = Debug|Any CPU
		{C1F32B7A-033F-4EDC-8C26-4F35426D5347}.Debug|x64.Build.0 = Debug|Any CPU
		{C1F32B7A-033F-4EDC-8C26-4F35426D5347}.Debug|x86.ActiveCfg = Debug|Any CPU
		{C1F32B7A-033F-4EDC-8C26-4F35426D5347}.Debug|x86.Build.0 = Debug|Any CPU
		{C1F32B7A-033F-4EDC-8C26-4F35426D5347}.Release|Any CPU.ActiveCfg = Release|Any CPU
		{C1F32B7A-033F-4EDC-8C26-4F35426D5347}.Release|Any CPU.Build.0 = Release|Any CPU
		{C1F32B7A-033F-4EDC-8C26-4F35426D5347}.Release|x64.ActiveCfg = Release|Any CPU
		{C1F32B7A-033F-4EDC-8C26-4F35426D5347}.Release|x64.Build.0 = Release|Any CPU
		{C1F32B7A-033F-4EDC-8C26-4F35426D5347}.Release|x86.ActiveCfg = Release|Any CPU
		{C1F32B7A-033F-4EDC-8C26-4F35426D5347}.Release|x86.Build.0 = Release|Any CPU
		{207623FF-DC79-4949-8259-1F5875CCC6EC}.Debug|Any CPU.ActiveCfg = Debug|Any CPU
		{207623FF-DC79-4949-8259-1F5875CCC6EC}.Debug|Any CPU.Build.0 = Debug|Any CPU
		{207623FF-DC79-4949-8259-1F5875CCC6EC}.Debug|x64.ActiveCfg = Debug|Any CPU
		{207623FF-DC79-4949-8259-1F5875CCC6EC}.Debug|x64.Build.0 = Debug|Any CPU
		{207623FF-DC79-4949-8259-1F5875CCC6EC}.Debug|x86.ActiveCfg = Debug|Any CPU
		{207623FF-DC79-4949-8259-1F5875CCC6EC}.Debug|x86.Build.0 = Debug|Any CPU
		{207623FF-DC79-4949-8259-1F5875CCC6EC}.Release|Any CPU.ActiveCfg = Release|Any CPU
		{207623FF-DC79-4949-8259-1F5875CCC6EC}.Release|Any CPU.Build.0 = Release|Any CPU
		{207623FF-DC79-4949-8259-1F5875CCC6EC}.Release|x64.ActiveCfg = Release|Any CPU
		{207623FF-DC79-4949-8259-1F5875CCC6EC}.Release|x64.Build.0 = Release|Any CPU
		{207623FF-DC79-4949-8259-1F5875CCC6EC}.Release|x86.ActiveCfg = Release|Any CPU
		{207623FF-DC79-4949-8259-1F5875CCC6EC}.Release|x86.Build.0 = Release|Any CPU
		{18A8FCF2-62B8-41CA-BA27-0D3998761FC9}.Debug|Any CPU.ActiveCfg = Debug|Any CPU
		{18A8FCF2-62B8-41CA-BA27-0D3998761FC9}.Debug|Any CPU.Build.0 = Debug|Any CPU
		{18A8FCF2-62B8-41CA-BA27-0D3998761FC9}.Debug|x64.ActiveCfg = Debug|Any CPU
		{18A8FCF2-62B8-41CA-BA27-0D3998761FC9}.Debug|x64.Build.0 = Debug|Any CPU
		{18A8FCF2-62B8-41CA-BA27-0D3998761FC9}.Debug|x86.ActiveCfg = Debug|Any CPU
		{18A8FCF2-62B8-41CA-BA27-0D3998761FC9}.Debug|x86.Build.0 = Debug|Any CPU
		{18A8FCF2-62B8-41CA-BA27-0D3998761FC9}.Release|Any CPU.ActiveCfg = Release|Any CPU
		{18A8FCF2-62B8-41CA-BA27-0D3998761FC9}.Release|Any CPU.Build.0 = Release|Any CPU
		{18A8FCF2-62B8-41CA-BA27-0D3998761FC9}.Release|x64.ActiveCfg = Release|Any CPU
		{18A8FCF2-62B8-41CA-BA27-0D3998761FC9}.Release|x64.Build.0 = Release|Any CPU
		{18A8FCF2-62B8-41CA-BA27-0D3998761FC9}.Release|x86.ActiveCfg = Release|Any CPU
		{18A8FCF2-62B8-41CA-BA27-0D3998761FC9}.Release|x86.Build.0 = Release|Any CPU
		{57189CBF-4BC5-4A3D-80BE-75753FB7670A}.Debug|Any CPU.ActiveCfg = Debug|Any CPU
		{57189CBF-4BC5-4A3D-80BE-75753FB7670A}.Debug|Any CPU.Build.0 = Debug|Any CPU
		{57189CBF-4BC5-4A3D-80BE-75753FB7670A}.Debug|x64.ActiveCfg = Debug|Any CPU
		{57189CBF-4BC5-4A3D-80BE-75753FB7670A}.Debug|x64.Build.0 = Debug|Any CPU
		{57189CBF-4BC5-4A3D-80BE-75753FB7670A}.Debug|x86.ActiveCfg = Debug|Any CPU
		{57189CBF-4BC5-4A3D-80BE-75753FB7670A}.Debug|x86.Build.0 = Debug|Any CPU
		{57189CBF-4BC5-4A3D-80BE-75753FB7670A}.Release|Any CPU.ActiveCfg = Release|Any CPU
		{57189CBF-4BC5-4A3D-80BE-75753FB7670A}.Release|Any CPU.Build.0 = Release|Any CPU
		{57189CBF-4BC5-4A3D-80BE-75753FB7670A}.Release|x64.ActiveCfg = Release|Any CPU
		{57189CBF-4BC5-4A3D-80BE-75753FB7670A}.Release|x64.Build.0 = Release|Any CPU
		{57189CBF-4BC5-4A3D-80BE-75753FB7670A}.Release|x86.ActiveCfg = Release|Any CPU
		{57189CBF-4BC5-4A3D-80BE-75753FB7670A}.Release|x86.Build.0 = Release|Any CPU
		{807FF9C9-A702-4057-A9F1-0EBFC67F7D17}.Debug|Any CPU.ActiveCfg = Debug|Any CPU
		{807FF9C9-A702-4057-A9F1-0EBFC67F7D17}.Debug|Any CPU.Build.0 = Debug|Any CPU
		{807FF9C9-A702-4057-A9F1-0EBFC67F7D17}.Debug|x64.ActiveCfg = Debug|Any CPU
		{807FF9C9-A702-4057-A9F1-0EBFC67F7D17}.Debug|x64.Build.0 = Debug|Any CPU
		{807FF9C9-A702-4057-A9F1-0EBFC67F7D17}.Debug|x86.ActiveCfg = Debug|Any CPU
		{807FF9C9-A702-4057-A9F1-0EBFC67F7D17}.Debug|x86.Build.0 = Debug|Any CPU
		{807FF9C9-A702-4057-A9F1-0EBFC67F7D17}.Release|Any CPU.ActiveCfg = Release|Any CPU
		{807FF9C9-A702-4057-A9F1-0EBFC67F7D17}.Release|Any CPU.Build.0 = Release|Any CPU
		{807FF9C9-A702-4057-A9F1-0EBFC67F7D17}.Release|x64.ActiveCfg = Release|Any CPU
		{807FF9C9-A702-4057-A9F1-0EBFC67F7D17}.Release|x64.Build.0 = Release|Any CPU
		{807FF9C9-A702-4057-A9F1-0EBFC67F7D17}.Release|x86.ActiveCfg = Release|Any CPU
		{807FF9C9-A702-4057-A9F1-0EBFC67F7D17}.Release|x86.Build.0 = Release|Any CPU
		{3693A321-9DE4-448F-8EC6-98443A47A0F3}.Debug|Any CPU.ActiveCfg = Debug|Any CPU
		{3693A321-9DE4-448F-8EC6-98443A47A0F3}.Debug|Any CPU.Build.0 = Debug|Any CPU
		{3693A321-9DE4-448F-8EC6-98443A47A0F3}.Debug|x64.ActiveCfg = Debug|Any CPU
		{3693A321-9DE4-448F-8EC6-98443A47A0F3}.Debug|x64.Build.0 = Debug|Any CPU
		{3693A321-9DE4-448F-8EC6-98443A47A0F3}.Debug|x86.ActiveCfg = Debug|Any CPU
		{3693A321-9DE4-448F-8EC6-98443A47A0F3}.Debug|x86.Build.0 = Debug|Any CPU
		{3693A321-9DE4-448F-8EC6-98443A47A0F3}.Release|Any CPU.ActiveCfg = Release|Any CPU
		{3693A321-9DE4-448F-8EC6-98443A47A0F3}.Release|Any CPU.Build.0 = Release|Any CPU
		{3693A321-9DE4-448F-8EC6-98443A47A0F3}.Release|x64.ActiveCfg = Release|Any CPU
		{3693A321-9DE4-448F-8EC6-98443A47A0F3}.Release|x64.Build.0 = Release|Any CPU
		{3693A321-9DE4-448F-8EC6-98443A47A0F3}.Release|x86.ActiveCfg = Release|Any CPU
		{3693A321-9DE4-448F-8EC6-98443A47A0F3}.Release|x86.Build.0 = Release|Any CPU
		{2D37399C-4F52-449A-B695-470AD8F3FDA9}.Debug|Any CPU.ActiveCfg = Debug|Any CPU
		{2D37399C-4F52-449A-B695-470AD8F3FDA9}.Debug|Any CPU.Build.0 = Debug|Any CPU
		{2D37399C-4F52-449A-B695-470AD8F3FDA9}.Debug|x64.ActiveCfg = Debug|Any CPU
		{2D37399C-4F52-449A-B695-470AD8F3FDA9}.Debug|x64.Build.0 = Debug|Any CPU
		{2D37399C-4F52-449A-B695-470AD8F3FDA9}.Debug|x86.ActiveCfg = Debug|Any CPU
		{2D37399C-4F52-449A-B695-470AD8F3FDA9}.Debug|x86.Build.0 = Debug|Any CPU
		{2D37399C-4F52-449A-B695-470AD8F3FDA9}.Release|Any CPU.ActiveCfg = Release|Any CPU
		{2D37399C-4F52-449A-B695-470AD8F3FDA9}.Release|Any CPU.Build.0 = Release|Any CPU
		{2D37399C-4F52-449A-B695-470AD8F3FDA9}.Release|x64.ActiveCfg = Release|Any CPU
		{2D37399C-4F52-449A-B695-470AD8F3FDA9}.Release|x64.Build.0 = Release|Any CPU
		{2D37399C-4F52-449A-B695-470AD8F3FDA9}.Release|x86.ActiveCfg = Release|Any CPU
		{2D37399C-4F52-449A-B695-470AD8F3FDA9}.Release|x86.Build.0 = Release|Any CPU
		{792C0EB8-D53D-4D76-B500-F431F6E0D761}.Debug|Any CPU.ActiveCfg = Debug|Any CPU
		{792C0EB8-D53D-4D76-B500-F431F6E0D761}.Debug|Any CPU.Build.0 = Debug|Any CPU
		{792C0EB8-D53D-4D76-B500-F431F6E0D761}.Debug|x64.ActiveCfg = Debug|Any CPU
		{792C0EB8-D53D-4D76-B500-F431F6E0D761}.Debug|x64.Build.0 = Debug|Any CPU
		{792C0EB8-D53D-4D76-B500-F431F6E0D761}.Debug|x86.ActiveCfg = Debug|Any CPU
		{792C0EB8-D53D-4D76-B500-F431F6E0D761}.Debug|x86.Build.0 = Debug|Any CPU
		{792C0EB8-D53D-4D76-B500-F431F6E0D761}.Release|Any CPU.ActiveCfg = Release|Any CPU
		{792C0EB8-D53D-4D76-B500-F431F6E0D761}.Release|Any CPU.Build.0 = Release|Any CPU
		{792C0EB8-D53D-4D76-B500-F431F6E0D761}.Release|x64.ActiveCfg = Release|Any CPU
		{792C0EB8-D53D-4D76-B500-F431F6E0D761}.Release|x64.Build.0 = Release|Any CPU
		{792C0EB8-D53D-4D76-B500-F431F6E0D761}.Release|x86.ActiveCfg = Release|Any CPU
		{792C0EB8-D53D-4D76-B500-F431F6E0D761}.Release|x86.Build.0 = Release|Any CPU
		{069A14AC-5994-4353-92A4-A3ACE4E2A645}.Debug|Any CPU.ActiveCfg = Debug|Any CPU
		{069A14AC-5994-4353-92A4-A3ACE4E2A645}.Debug|Any CPU.Build.0 = Debug|Any CPU
		{069A14AC-5994-4353-92A4-A3ACE4E2A645}.Debug|x64.ActiveCfg = Debug|Any CPU
		{069A14AC-5994-4353-92A4-A3ACE4E2A645}.Debug|x64.Build.0 = Debug|Any CPU
		{069A14AC-5994-4353-92A4-A3ACE4E2A645}.Debug|x86.ActiveCfg = Debug|Any CPU
		{069A14AC-5994-4353-92A4-A3ACE4E2A645}.Debug|x86.Build.0 = Debug|Any CPU
		{069A14AC-5994-4353-92A4-A3ACE4E2A645}.Release|Any CPU.ActiveCfg = Release|Any CPU
		{069A14AC-5994-4353-92A4-A3ACE4E2A645}.Release|Any CPU.Build.0 = Release|Any CPU
		{069A14AC-5994-4353-92A4-A3ACE4E2A645}.Release|x64.ActiveCfg = Release|Any CPU
		{069A14AC-5994-4353-92A4-A3ACE4E2A645}.Release|x64.Build.0 = Release|Any CPU
		{069A14AC-5994-4353-92A4-A3ACE4E2A645}.Release|x86.ActiveCfg = Release|Any CPU
		{069A14AC-5994-4353-92A4-A3ACE4E2A645}.Release|x86.Build.0 = Release|Any CPU
		{FAD1DB8B-A96F-4AAA-AD93-78314E7F2232}.Debug|Any CPU.ActiveCfg = Debug|Any CPU
		{FAD1DB8B-A96F-4AAA-AD93-78314E7F2232}.Debug|Any CPU.Build.0 = Debug|Any CPU
		{FAD1DB8B-A96F-4AAA-AD93-78314E7F2232}.Debug|x64.ActiveCfg = Debug|Any CPU
		{FAD1DB8B-A96F-4AAA-AD93-78314E7F2232}.Debug|x64.Build.0 = Debug|Any CPU
		{FAD1DB8B-A96F-4AAA-AD93-78314E7F2232}.Debug|x86.ActiveCfg = Debug|Any CPU
		{FAD1DB8B-A96F-4AAA-AD93-78314E7F2232}.Debug|x86.Build.0 = Debug|Any CPU
		{FAD1DB8B-A96F-4AAA-AD93-78314E7F2232}.Release|Any CPU.ActiveCfg = Release|Any CPU
		{FAD1DB8B-A96F-4AAA-AD93-78314E7F2232}.Release|Any CPU.Build.0 = Release|Any CPU
		{FAD1DB8B-A96F-4AAA-AD93-78314E7F2232}.Release|x64.ActiveCfg = Release|Any CPU
		{FAD1DB8B-A96F-4AAA-AD93-78314E7F2232}.Release|x64.Build.0 = Release|Any CPU
		{FAD1DB8B-A96F-4AAA-AD93-78314E7F2232}.Release|x86.ActiveCfg = Release|Any CPU
		{FAD1DB8B-A96F-4AAA-AD93-78314E7F2232}.Release|x86.Build.0 = Release|Any CPU
		{BB3CA69E-3A7F-4A0C-AB84-CA5E6F663F43}.Debug|Any CPU.ActiveCfg = Debug|Any CPU
		{BB3CA69E-3A7F-4A0C-AB84-CA5E6F663F43}.Debug|Any CPU.Build.0 = Debug|Any CPU
		{BB3CA69E-3A7F-4A0C-AB84-CA5E6F663F43}.Debug|x64.ActiveCfg = Debug|Any CPU
		{BB3CA69E-3A7F-4A0C-AB84-CA5E6F663F43}.Debug|x64.Build.0 = Debug|Any CPU
		{BB3CA69E-3A7F-4A0C-AB84-CA5E6F663F43}.Debug|x86.ActiveCfg = Debug|Any CPU
		{BB3CA69E-3A7F-4A0C-AB84-CA5E6F663F43}.Debug|x86.Build.0 = Debug|Any CPU
		{BB3CA69E-3A7F-4A0C-AB84-CA5E6F663F43}.Release|Any CPU.ActiveCfg = Release|Any CPU
		{BB3CA69E-3A7F-4A0C-AB84-CA5E6F663F43}.Release|Any CPU.Build.0 = Release|Any CPU
		{BB3CA69E-3A7F-4A0C-AB84-CA5E6F663F43}.Release|x64.ActiveCfg = Release|Any CPU
		{BB3CA69E-3A7F-4A0C-AB84-CA5E6F663F43}.Release|x64.Build.0 = Release|Any CPU
		{BB3CA69E-3A7F-4A0C-AB84-CA5E6F663F43}.Release|x86.ActiveCfg = Release|Any CPU
		{BB3CA69E-3A7F-4A0C-AB84-CA5E6F663F43}.Release|x86.Build.0 = Release|Any CPU
		{D68E4350-80B2-4D48-A232-628F578C3C12}.Debug|Any CPU.ActiveCfg = Debug|Any CPU
		{D68E4350-80B2-4D48-A232-628F578C3C12}.Debug|Any CPU.Build.0 = Debug|Any CPU
		{D68E4350-80B2-4D48-A232-628F578C3C12}.Debug|x64.ActiveCfg = Debug|Any CPU
		{D68E4350-80B2-4D48-A232-628F578C3C12}.Debug|x64.Build.0 = Debug|Any CPU
		{D68E4350-80B2-4D48-A232-628F578C3C12}.Debug|x86.ActiveCfg = Debug|Any CPU
		{D68E4350-80B2-4D48-A232-628F578C3C12}.Debug|x86.Build.0 = Debug|Any CPU
		{D68E4350-80B2-4D48-A232-628F578C3C12}.Release|Any CPU.ActiveCfg = Release|Any CPU
		{D68E4350-80B2-4D48-A232-628F578C3C12}.Release|Any CPU.Build.0 = Release|Any CPU
		{D68E4350-80B2-4D48-A232-628F578C3C12}.Release|x64.ActiveCfg = Release|Any CPU
		{D68E4350-80B2-4D48-A232-628F578C3C12}.Release|x64.Build.0 = Release|Any CPU
		{D68E4350-80B2-4D48-A232-628F578C3C12}.Release|x86.ActiveCfg = Release|Any CPU
		{D68E4350-80B2-4D48-A232-628F578C3C12}.Release|x86.Build.0 = Release|Any CPU
		{51378C6A-6178-4F6E-8D63-A209AFFEA8AA}.Debug|Any CPU.ActiveCfg = Debug|Any CPU
		{51378C6A-6178-4F6E-8D63-A209AFFEA8AA}.Debug|Any CPU.Build.0 = Debug|Any CPU
		{51378C6A-6178-4F6E-8D63-A209AFFEA8AA}.Debug|x64.ActiveCfg = Debug|Any CPU
		{51378C6A-6178-4F6E-8D63-A209AFFEA8AA}.Debug|x64.Build.0 = Debug|Any CPU
		{51378C6A-6178-4F6E-8D63-A209AFFEA8AA}.Debug|x86.ActiveCfg = Debug|Any CPU
		{51378C6A-6178-4F6E-8D63-A209AFFEA8AA}.Debug|x86.Build.0 = Debug|Any CPU
		{51378C6A-6178-4F6E-8D63-A209AFFEA8AA}.Release|Any CPU.ActiveCfg = Release|Any CPU
		{51378C6A-6178-4F6E-8D63-A209AFFEA8AA}.Release|Any CPU.Build.0 = Release|Any CPU
		{51378C6A-6178-4F6E-8D63-A209AFFEA8AA}.Release|x64.ActiveCfg = Release|Any CPU
		{51378C6A-6178-4F6E-8D63-A209AFFEA8AA}.Release|x64.Build.0 = Release|Any CPU
		{51378C6A-6178-4F6E-8D63-A209AFFEA8AA}.Release|x86.ActiveCfg = Release|Any CPU
		{51378C6A-6178-4F6E-8D63-A209AFFEA8AA}.Release|x86.Build.0 = Release|Any CPU
		{5F4E25F5-2C4C-4160-83FE-1C8265B3FF63}.Debug|Any CPU.ActiveCfg = Debug|Any CPU
		{5F4E25F5-2C4C-4160-83FE-1C8265B3FF63}.Debug|Any CPU.Build.0 = Debug|Any CPU
		{5F4E25F5-2C4C-4160-83FE-1C8265B3FF63}.Debug|x64.ActiveCfg = Debug|Any CPU
		{5F4E25F5-2C4C-4160-83FE-1C8265B3FF63}.Debug|x64.Build.0 = Debug|Any CPU
		{5F4E25F5-2C4C-4160-83FE-1C8265B3FF63}.Debug|x86.ActiveCfg = Debug|Any CPU
		{5F4E25F5-2C4C-4160-83FE-1C8265B3FF63}.Debug|x86.Build.0 = Debug|Any CPU
		{5F4E25F5-2C4C-4160-83FE-1C8265B3FF63}.Release|Any CPU.ActiveCfg = Release|Any CPU
		{5F4E25F5-2C4C-4160-83FE-1C8265B3FF63}.Release|Any CPU.Build.0 = Release|Any CPU
		{5F4E25F5-2C4C-4160-83FE-1C8265B3FF63}.Release|x64.ActiveCfg = Release|Any CPU
		{5F4E25F5-2C4C-4160-83FE-1C8265B3FF63}.Release|x64.Build.0 = Release|Any CPU
		{5F4E25F5-2C4C-4160-83FE-1C8265B3FF63}.Release|x86.ActiveCfg = Release|Any CPU
		{5F4E25F5-2C4C-4160-83FE-1C8265B3FF63}.Release|x86.Build.0 = Release|Any CPU
		{204A0AD9-AA21-4E39-BD08-7E5A85D67F0A}.Debug|Any CPU.ActiveCfg = Debug|Any CPU
		{204A0AD9-AA21-4E39-BD08-7E5A85D67F0A}.Debug|Any CPU.Build.0 = Debug|Any CPU
		{204A0AD9-AA21-4E39-BD08-7E5A85D67F0A}.Debug|x64.ActiveCfg = Debug|Any CPU
		{204A0AD9-AA21-4E39-BD08-7E5A85D67F0A}.Debug|x64.Build.0 = Debug|Any CPU
		{204A0AD9-AA21-4E39-BD08-7E5A85D67F0A}.Debug|x86.ActiveCfg = Debug|Any CPU
		{204A0AD9-AA21-4E39-BD08-7E5A85D67F0A}.Debug|x86.Build.0 = Debug|Any CPU
		{204A0AD9-AA21-4E39-BD08-7E5A85D67F0A}.Release|Any CPU.ActiveCfg = Release|Any CPU
		{204A0AD9-AA21-4E39-BD08-7E5A85D67F0A}.Release|Any CPU.Build.0 = Release|Any CPU
		{204A0AD9-AA21-4E39-BD08-7E5A85D67F0A}.Release|x64.ActiveCfg = Release|Any CPU
		{204A0AD9-AA21-4E39-BD08-7E5A85D67F0A}.Release|x64.Build.0 = Release|Any CPU
		{204A0AD9-AA21-4E39-BD08-7E5A85D67F0A}.Release|x86.ActiveCfg = Release|Any CPU
		{204A0AD9-AA21-4E39-BD08-7E5A85D67F0A}.Release|x86.Build.0 = Release|Any CPU
		{BCE35B64-9FEB-40F6-816D-DFD1C245EC84}.Debug|Any CPU.ActiveCfg = Debug|Any CPU
		{BCE35B64-9FEB-40F6-816D-DFD1C245EC84}.Debug|Any CPU.Build.0 = Debug|Any CPU
		{BCE35B64-9FEB-40F6-816D-DFD1C245EC84}.Debug|x64.ActiveCfg = Debug|Any CPU
		{BCE35B64-9FEB-40F6-816D-DFD1C245EC84}.Debug|x64.Build.0 = Debug|Any CPU
		{BCE35B64-9FEB-40F6-816D-DFD1C245EC84}.Debug|x86.ActiveCfg = Debug|Any CPU
		{BCE35B64-9FEB-40F6-816D-DFD1C245EC84}.Debug|x86.Build.0 = Debug|Any CPU
		{BCE35B64-9FEB-40F6-816D-DFD1C245EC84}.Release|Any CPU.ActiveCfg = Release|Any CPU
		{BCE35B64-9FEB-40F6-816D-DFD1C245EC84}.Release|Any CPU.Build.0 = Release|Any CPU
		{BCE35B64-9FEB-40F6-816D-DFD1C245EC84}.Release|x64.ActiveCfg = Release|Any CPU
		{BCE35B64-9FEB-40F6-816D-DFD1C245EC84}.Release|x64.Build.0 = Release|Any CPU
		{BCE35B64-9FEB-40F6-816D-DFD1C245EC84}.Release|x86.ActiveCfg = Release|Any CPU
		{BCE35B64-9FEB-40F6-816D-DFD1C245EC84}.Release|x86.Build.0 = Release|Any CPU
		{8FD10A83-8FAF-4AB3-AC58-FBD79E468ED8}.Debug|Any CPU.ActiveCfg = Debug|Any CPU
		{8FD10A83-8FAF-4AB3-AC58-FBD79E468ED8}.Debug|Any CPU.Build.0 = Debug|Any CPU
		{8FD10A83-8FAF-4AB3-AC58-FBD79E468ED8}.Debug|x64.ActiveCfg = Debug|Any CPU
		{8FD10A83-8FAF-4AB3-AC58-FBD79E468ED8}.Debug|x64.Build.0 = Debug|Any CPU
		{8FD10A83-8FAF-4AB3-AC58-FBD79E468ED8}.Debug|x86.ActiveCfg = Debug|Any CPU
		{8FD10A83-8FAF-4AB3-AC58-FBD79E468ED8}.Debug|x86.Build.0 = Debug|Any CPU
		{8FD10A83-8FAF-4AB3-AC58-FBD79E468ED8}.Release|Any CPU.ActiveCfg = Release|Any CPU
		{8FD10A83-8FAF-4AB3-AC58-FBD79E468ED8}.Release|Any CPU.Build.0 = Release|Any CPU
		{8FD10A83-8FAF-4AB3-AC58-FBD79E468ED8}.Release|x64.ActiveCfg = Release|Any CPU
		{8FD10A83-8FAF-4AB3-AC58-FBD79E468ED8}.Release|x64.Build.0 = Release|Any CPU
		{8FD10A83-8FAF-4AB3-AC58-FBD79E468ED8}.Release|x86.ActiveCfg = Release|Any CPU
		{8FD10A83-8FAF-4AB3-AC58-FBD79E468ED8}.Release|x86.Build.0 = Release|Any CPU
	EndGlobalSection
	GlobalSection(SolutionProperties) = preSolution
		HideSolutionNode = FALSE
	EndGlobalSection
	GlobalSection(NestedProjects) = preSolution
		{CD1DD010-0C2F-4025-B598-2B48FD6B954F} = {478A970D-9242-4C73-9E78-3C05595048E7}
		{5EE1266C-2C03-4C08-8E3D-61E3542FD743} = {0C3607BC-CF2A-45E9-8CE4-EC49BE7E256C}
		{C5C22D30-CDEB-4A22-891E-841F99556535} = {B7FA803E-5081-4411-B5D3-2A9FBC8F3F2A}
		{EDCA0F8A-7CBA-48A5-8638-22C808B98599} = {B7FA803E-5081-4411-B5D3-2A9FBC8F3F2A}
		{1D665A9F-FD7A-4CD1-B742-822D8F887CDC} = {3DD02847-72B1-4C8D-B625-CCB050883278}
		{3DD02847-72B1-4C8D-B625-CCB050883278} = {0C3607BC-CF2A-45E9-8CE4-EC49BE7E256C}
		{C565769E-1170-4EED-A285-3DF870BFC674} = {34ECA2FF-4A79-4572-8D68-601F6CA5787E}
		{03BD5EE9-A8EA-4DDB-8B32-EA4D0BCC5AE5} = {3DD02847-72B1-4C8D-B625-CCB050883278}
		{98B07CC0-2519-46E2-BBBF-5D0C517B3261} = {3DD02847-72B1-4C8D-B625-CCB050883278}
		{3CBE611E-F67B-45DE-91B0-FA777F217583} = {3DD02847-72B1-4C8D-B625-CCB050883278}
		{94E7FED4-942C-40BA-BBFD-D54F46B4D9BD} = {3DD02847-72B1-4C8D-B625-CCB050883278}
		{D9F8D0B3-FFDF-498B-8D31-CD514C36C7B7} = {3DD02847-72B1-4C8D-B625-CCB050883278}
		{B4E74E72-5F0F-49B3-B278-CE0C63D2414B} = {3DD02847-72B1-4C8D-B625-CCB050883278}
		{80CFB09D-D4AD-4436-BA62-9A9A755DBA92} = {34ECA2FF-4A79-4572-8D68-601F6CA5787E}
		{34ECA2FF-4A79-4572-8D68-601F6CA5787E} = {D7ECF6BE-924C-421A-AB51-2512E77BE29A}
		{6595B2FC-4A22-4893-BE56-0386C9CFCDCD} = {34ECA2FF-4A79-4572-8D68-601F6CA5787E}
		{5A0E11BC-9C08-4E39-B988-32C2E0E4FBE8} = {7E7E8EC0-9FBA-41F3-9B39-A855DDBD6A0B}
		{BCFE4C42-0D41-472A-9179-0D82B7E4AFC3} = {3DD02847-72B1-4C8D-B625-CCB050883278}
		{EF016501-21AA-4DD0-84DF-46E294FD7E4B} = {7E7E8EC0-9FBA-41F3-9B39-A855DDBD6A0B}
		{C30A4303-BA11-4060-AF26-51536B4B0AEA} = {EF016501-21AA-4DD0-84DF-46E294FD7E4B}
		{B7DFBE99-F4AC-4400-AFFB-C8F7BB832694} = {EF016501-21AA-4DD0-84DF-46E294FD7E4B}
		{DDF189DC-E4A3-4D2C-86D7-0FDB6E9B0CE4} = {B2579927-C4DF-4C61-9E58-E16E60C92977}
		{9547FAC4-7D0E-4EFC-8607-F7F61178E519} = {7E7E8EC0-9FBA-41F3-9B39-A855DDBD6A0B}
		{478A970D-9242-4C73-9E78-3C05595048E7} = {7E7E8EC0-9FBA-41F3-9B39-A855DDBD6A0B}
		{0C3607BC-CF2A-45E9-8CE4-EC49BE7E256C} = {7E7E8EC0-9FBA-41F3-9B39-A855DDBD6A0B}
		{E72686C0-12B8-407D-968D-A3B837FC3594} = {478A970D-9242-4C73-9E78-3C05595048E7}
		{AFE7887C-0879-4BF7-9412-BC6A93619D99} = {478A970D-9242-4C73-9E78-3C05595048E7}
		{A37BC577-9974-4377-9832-438A593F2857} = {0C3607BC-CF2A-45E9-8CE4-EC49BE7E256C}
		{69CE73F3-0A64-48FC-A8D5-0C66C8D71438} = {0C3607BC-CF2A-45E9-8CE4-EC49BE7E256C}
		{1CEEF1FE-6D2A-449F-9FD1-221770293084} = {478A970D-9242-4C73-9E78-3C05595048E7}
		{CCDDAF76-0CC8-440D-85CC-D59107CBBC62} = {B2579927-C4DF-4C61-9E58-E16E60C92977}
		{F1224872-A875-4BFE-849C-A5BEBFF1C34B} = {B7FA803E-5081-4411-B5D3-2A9FBC8F3F2A}
		{BEE8DFD1-3D04-4C1E-92D9-181A1FB91C41} = {B2579927-C4DF-4C61-9E58-E16E60C92977}
		{F83AC815-891B-4DEC-9F99-99FD2831EAD6} = {B7FA803E-5081-4411-B5D3-2A9FBC8F3F2A}
		{8AD04054-E719-4934-A972-3719521D4FD2} = {D7ECF6BE-924C-421A-AB51-2512E77BE29A}
		{98D36C55-EA90-433A-B3ED-0697BC64EC22} = {B2579927-C4DF-4C61-9E58-E16E60C92977}
		{8137FAD7-6C81-43D8-ACCF-019D20ED0107} = {B2579927-C4DF-4C61-9E58-E16E60C92977}
		{C45FF7E1-DC74-4468-8861-319B52107DA9} = {B2579927-C4DF-4C61-9E58-E16E60C92977}
		{18324A0D-874D-4AE3-92B4-18923BF688AC} = {3DD02847-72B1-4C8D-B625-CCB050883278}
		{F629370F-F3DF-46F2-A2BE-396771935789} = {B2579927-C4DF-4C61-9E58-E16E60C92977}
		{A47E2D36-445D-4112-8872-5DF6766BD53B} = {B2579927-C4DF-4C61-9E58-E16E60C92977}
		{2DA9BD71-262E-4A58-AA19-21595FE1D49E} = {D7ECF6BE-924C-421A-AB51-2512E77BE29A}
		{BC1B6283-0701-40F6-B7F0-ED6A2896D989} = {B2579927-C4DF-4C61-9E58-E16E60C92977}
		{9127A5DF-4A12-4289-A0DD-AB7ABA1F375F} = {B2579927-C4DF-4C61-9E58-E16E60C92977}
		{F9625E95-E370-4644-8BD7-B915E05C8515} = {3DD02847-72B1-4C8D-B625-CCB050883278}
		{CF7E364B-94F8-40E5-B79A-221929DE3111} = {3DD02847-72B1-4C8D-B625-CCB050883278}
		{C1F32B7A-033F-4EDC-8C26-4F35426D5347} = {0C3607BC-CF2A-45E9-8CE4-EC49BE7E256C}
		{207623FF-DC79-4949-8259-1F5875CCC6EC} = {B2579927-C4DF-4C61-9E58-E16E60C92977}
		{18A8FCF2-62B8-41CA-BA27-0D3998761FC9} = {D7ECF6BE-924C-421A-AB51-2512E77BE29A}
		{57189CBF-4BC5-4A3D-80BE-75753FB7670A} = {D7ECF6BE-924C-421A-AB51-2512E77BE29A}
		{807FF9C9-A702-4057-A9F1-0EBFC67F7D17} = {D7ECF6BE-924C-421A-AB51-2512E77BE29A}
		{3693A321-9DE4-448F-8EC6-98443A47A0F3} = {D7ECF6BE-924C-421A-AB51-2512E77BE29A}
		{2D37399C-4F52-449A-B695-470AD8F3FDA9} = {F83AC815-891B-4DEC-9F99-99FD2831EAD6}
		{792C0EB8-D53D-4D76-B500-F431F6E0D761} = {B7FA803E-5081-4411-B5D3-2A9FBC8F3F2A}
		{069A14AC-5994-4353-92A4-A3ACE4E2A645} = {B7FA803E-5081-4411-B5D3-2A9FBC8F3F2A}
		{FAD1DB8B-A96F-4AAA-AD93-78314E7F2232} = {3DD02847-72B1-4C8D-B625-CCB050883278}
		{BB3CA69E-3A7F-4A0C-AB84-CA5E6F663F43} = {F83AC815-891B-4DEC-9F99-99FD2831EAD6}
		{D68E4350-80B2-4D48-A232-628F578C3C12} = {D7ECF6BE-924C-421A-AB51-2512E77BE29A}
		{51378C6A-6178-4F6E-8D63-A209AFFEA8AA} = {B7FA803E-5081-4411-B5D3-2A9FBC8F3F2A}
		{BCE35B64-9FEB-40F6-816D-DFD1C245EC84} = {F83AC815-891B-4DEC-9F99-99FD2831EAD6}
		{8FD10A83-8FAF-4AB3-AC58-FBD79E468ED8} = {F83AC815-891B-4DEC-9F99-99FD2831EAD6}
	EndGlobalSection
	GlobalSection(ExtensibilityGlobals) = postSolution
		SolutionGuid = {DB42BB94-31D8-4A5B-8B27-43D0E871D612}
	EndGlobalSection
EndGlobal
