
Microsoft Visual Studio Solution File, Format Version 12.00
# Visual Studio Version 17
VisualStudioVersion = 17.4.33205.214
MinimumVisualStudioVersion = 10.0.40219.1
Project("{9A19103F-16F7-4668-BE54-9A1E7A4F7556}") = "CommonsAgentOperator", "CommonsAgentOperator.csproj", "{327E2E44-E463-400D-8812-ED19C752629A}"
EndProject
Global
	GlobalSection(SolutionConfigurationPlatforms) = preSolution
		Debug|Any CPU = Debug|Any CPU
		Release|Any CPU = Release|Any CPU
	EndGlobalSection
	GlobalSection(ProjectConfigurationPlatforms) = postSolution
		{327E2E44-E463-400D-8812-ED19C752629A}.Debug|Any CPU.ActiveCfg = Debug|Any CPU
		{327E2E44-E463-400D-8812-ED19C752629A}.Debug|Any CPU.Build.0 = Debug|Any CPU
		{327E2E44-E463-400D-8812-ED19C752629A}.Release|Any CPU.ActiveCfg = Release|Any CPU
		{327E2E44-E463-400D-8812-ED19C752629A}.Release|Any CPU.Build.0 = Release|Any CPU
	EndGlobalSection
	GlobalSection(SolutionProperties) = preSolution
		HideSolutionNode = FALSE
	EndGlobalSection
	GlobalSection(ExtensibilityGlobals) = postSolution
		SolutionGuid = {0A85D3A0-16F9-43B5-AB5B-B9BD5FE6FE98}
	EndGlobalSection
EndGlobal
